// !$*UTF8*$!
{
	archiveVersion = 1;
	classes = {
	};
	objectVersion = 56;
	objects = {

/* Begin PBXBuildFile section */
		9C252D932BBA4BF6000AB9DA /* AppDelegate.swift in Sources */ = {isa = PBXBuildFile; fileRef = 9C252D922BBA4BF6000AB9DA /* AppDelegate.swift */; };
		9C252D952BBA4BF6000AB9DA /* SceneDelegate.swift in Sources */ = {isa = PBXBuildFile; fileRef = 9C252D942BBA4BF6000AB9DA /* SceneDelegate.swift */; };
		9C252D972BBA4BF6000AB9DA /* ViewController.swift in Sources */ = {isa = PBXBuildFile; fileRef = 9C252D962BBA4BF6000AB9DA /* ViewController.swift */; };
		9C252D9A2BBA4BF6000AB9DA /* Base in Resources */ = {isa = PBXBuildFile; fileRef = 9C252D992BBA4BF6000AB9DA /* Base */; };
		9C252D9D2BBA4BF6000AB9DA /* Kiosk.xcdatamodeld in Sources */ = {isa = PBXBuildFile; fileRef = 9C252D9B2BBA4BF6000AB9DA /* Kiosk.xcdatamodeld */; };
		9C252D9F2BBA4BF7000AB9DA /* Assets.xcassets in Resources */ = {isa = PBXBuildFile; fileRef = 9C252D9E2BBA4BF7000AB9DA /* Assets.xcassets */; };
		9C252DA22BBA4BF7000AB9DA /* Base in Resources */ = {isa = PBXBuildFile; fileRef = 9C252DA12BBA4BF7000AB9DA /* Base */; };
		9CB822762BBA8D0500F549A7 /* iMac.png in Resources */ = {isa = PBXBuildFile; fileRef = 9CB8224B2BBA8D0500F549A7 /* iMac.png */; };
		9CB822772BBA8D0500F549A7 /* MacBookAir13(M2).png in Resources */ = {isa = PBXBuildFile; fileRef = 9CB8224C2BBA8D0500F549A7 /* MacBookAir13(M2).png */; };
		9CB822782BBA8D0500F549A7 /* MacBookAir13(M3).png in Resources */ = {isa = PBXBuildFile; fileRef = 9CB8224D2BBA8D0500F549A7 /* MacBookAir13(M3).png */; };
		9CB822792BBA8D0500F549A7 /* MacBookAir15(M3).png in Resources */ = {isa = PBXBuildFile; fileRef = 9CB8224E2BBA8D0500F549A7 /* MacBookAir15(M3).png */; };
		9CB8227A2BBA8D0500F549A7 /* MacBookPro14.png in Resources */ = {isa = PBXBuildFile; fileRef = 9CB8224F2BBA8D0500F549A7 /* MacBookPro14.png */; };
		9CB8227B2BBA8D0500F549A7 /* MacBookPro16.jpeg in Resources */ = {isa = PBXBuildFile; fileRef = 9CB822502BBA8D0500F549A7 /* MacBookPro16.jpeg */; };
		9CB8227C2BBA8D0500F549A7 /* MacMini.png in Resources */ = {isa = PBXBuildFile; fileRef = 9CB822512BBA8D0500F549A7 /* MacMini.png */; };
		9CB8227D2BBA8D0500F549A7 /* MacPro.jpeg in Resources */ = {isa = PBXBuildFile; fileRef = 9CB822522BBA8D0500F549A7 /* MacPro.jpeg */; };
		9CB8227E2BBA8D0500F549A7 /* MacStudio.png in Resources */ = {isa = PBXBuildFile; fileRef = 9CB822532BBA8D0500F549A7 /* MacStudio.png */; };
		9CB8227F2BBA8D0500F549A7 /* ProDisplayXDR.jpeg in Resources */ = {isa = PBXBuildFile; fileRef = 9CB822542BBA8D0500F549A7 /* ProDisplayXDR.jpeg */; };
		9CB822802BBA8D0500F549A7 /* StudioDisplay.png in Resources */ = {isa = PBXBuildFile; fileRef = 9CB822552BBA8D0500F549A7 /* StudioDisplay.png */; };
		9CB822812BBA8D0500F549A7 /* iPhone13.png in Resources */ = {isa = PBXBuildFile; fileRef = 9CB822572BBA8D0500F549A7 /* iPhone13.png */; };
		9CB822822BBA8D0500F549A7 /* iPhone14.jpeg in Resources */ = {isa = PBXBuildFile; fileRef = 9CB822582BBA8D0500F549A7 /* iPhone14.jpeg */; };
		9CB822832BBA8D0500F549A7 /* iPhone14Plus.png in Resources */ = {isa = PBXBuildFile; fileRef = 9CB822592BBA8D0500F549A7 /* iPhone14Plus.png */; };
		9CB822842BBA8D0500F549A7 /* iPhone15.jpeg in Resources */ = {isa = PBXBuildFile; fileRef = 9CB8225A2BBA8D0500F549A7 /* iPhone15.jpeg */; };
		9CB822852BBA8D0500F549A7 /* iPhone15Plus.png in Resources */ = {isa = PBXBuildFile; fileRef = 9CB8225B2BBA8D0500F549A7 /* iPhone15Plus.png */; };
		9CB822862BBA8D0500F549A7 /* iPhone15Pro.jpeg in Resources */ = {isa = PBXBuildFile; fileRef = 9CB8225C2BBA8D0500F549A7 /* iPhone15Pro.jpeg */; };
		9CB822872BBA8D0500F549A7 /* iPhone15ProMax.png in Resources */ = {isa = PBXBuildFile; fileRef = 9CB8225D2BBA8D0500F549A7 /* iPhone15ProMax.png */; };
		9CB822882BBA8D0500F549A7 /* iPhoneSE.jpeg in Resources */ = {isa = PBXBuildFile; fileRef = 9CB8225E2BBA8D0500F549A7 /* iPhoneSE.jpeg */; };
		9CB822892BBA8D0500F549A7 /* iPad(9세대).png in Resources */ = {isa = PBXBuildFile; fileRef = 9CB822602BBA8D0500F549A7 /* iPad(9세대).png */; };
		9CB8228A2BBA8D0500F549A7 /* iPad(10세대).png in Resources */ = {isa = PBXBuildFile; fileRef = 9CB822612BBA8D0500F549A7 /* iPad(10세대).png */; };
		9CB8228B2BBA8D0500F549A7 /* iPadAir.png in Resources */ = {isa = PBXBuildFile; fileRef = 9CB822622BBA8D0500F549A7 /* iPadAir.png */; };
		9CB8228C2BBA8D0500F549A7 /* iPadMini.png in Resources */ = {isa = PBXBuildFile; fileRef = 9CB822632BBA8D0500F549A7 /* iPadMini.png */; };
		9CB8228D2BBA8D0500F549A7 /* iPadPro11.png in Resources */ = {isa = PBXBuildFile; fileRef = 9CB822642BBA8D0500F549A7 /* iPadPro11.png */; };
		9CB8228E2BBA8D0500F549A7 /* iPadPro12.9.png in Resources */ = {isa = PBXBuildFile; fileRef = 9CB822652BBA8D0500F549A7 /* iPadPro12.9.png */; };
		9CB8228F2BBA8D0500F549A7 /* 20WUSB-C전원어댑터.jpeg in Resources */ = {isa = PBXBuildFile; fileRef = 9CB822672BBA8D0500F549A7 /* 20WUSB-C전원어댑터.jpeg */; };
		9CB822902BBA8D0500F549A7 /* 밀레니즈 루프.png in Resources */ = {isa = PBXBuildFile; fileRef = 9CB822682BBA8D0500F549A7 /* 밀레니즈 루프.png */; };
		9CB822912BBA8D0500F549A7 /* AirTag.jpeg in Resources */ = {isa = PBXBuildFile; fileRef = 9CB822692BBA8D0500F549A7 /* AirTag.jpeg */; };
		9CB822922BBA8D0500F549A7 /* Keyboard.jpeg in Resources */ = {isa = PBXBuildFile; fileRef = 9CB8226A2BBA8D0500F549A7 /* Keyboard.jpeg */; };
		9CB822932BBA8D0500F549A7 /* MacSafeiPhone15Pro투명케이스.jpeg in Resources */ = {isa = PBXBuildFile; fileRef = 9CB8226B2BBA8D0500F549A7 /* MacSafeiPhone15Pro투명케이스.jpeg */; };
		9CB822942BBA8D0500F549A7 /* MacSafeiPhone파인우븐카드지갑.png in Resources */ = {isa = PBXBuildFile; fileRef = 9CB8226C2BBA8D0500F549A7 /* MacSafeiPhone파인우븐카드지갑.png */; };
		9CB822952BBA8D0500F549A7 /* MagicMouse.png in Resources */ = {isa = PBXBuildFile; fileRef = 9CB8226D2BBA8D0500F549A7 /* MagicMouse.png */; };
		9CB822962BBA8D0500F549A7 /* MagicTrackpad.png in Resources */ = {isa = PBXBuildFile; fileRef = 9CB8226E2BBA8D0500F549A7 /* MagicTrackpad.png */; };
		9CB822972BBA8D0500F549A7 /* MagSafeiPhone15실리콘케이스.png in Resources */ = {isa = PBXBuildFile; fileRef = 9CB8226F2BBA8D0500F549A7 /* MagSafeiPhone15실리콘케이스.png */; };
		9CB822982BBA8D0500F549A7 /* AppleWatchHermes.jpeg in Resources */ = {isa = PBXBuildFile; fileRef = 9CB822712BBA8D0500F549A7 /* AppleWatchHermes.jpeg */; };
		9CB822992BBA8D0500F549A7 /* AppleWatchSE.png in Resources */ = {isa = PBXBuildFile; fileRef = 9CB822722BBA8D0500F549A7 /* AppleWatchSE.png */; };
		9CB8229A2BBA8D0500F549A7 /* AppleWatchSeries9.png in Resources */ = {isa = PBXBuildFile; fileRef = 9CB822732BBA8D0500F549A7 /* AppleWatchSeries9.png */; };
		9CB8229B2BBA8D0500F549A7 /* AppleWatchUltra2.jpeg in Resources */ = {isa = PBXBuildFile; fileRef = 9CB822742BBA8D0500F549A7 /* AppleWatchUltra2.jpeg */; };
/* End PBXBuildFile section */

/* Begin PBXFileReference section */
		9C252D8F2BBA4BF6000AB9DA /* Kiosk.app */ = {isa = PBXFileReference; explicitFileType = wrapper.application; includeInIndex = 0; path = Kiosk.app; sourceTree = BUILT_PRODUCTS_DIR; };
		9C252D922BBA4BF6000AB9DA /* AppDelegate.swift */ = {isa = PBXFileReference; lastKnownFileType = sourcecode.swift; path = AppDelegate.swift; sourceTree = "<group>"; };
		9C252D942BBA4BF6000AB9DA /* SceneDelegate.swift */ = {isa = PBXFileReference; lastKnownFileType = sourcecode.swift; path = SceneDelegate.swift; sourceTree = "<group>"; };
		9C252D962BBA4BF6000AB9DA /* ViewController.swift */ = {isa = PBXFileReference; lastKnownFileType = sourcecode.swift; path = ViewController.swift; sourceTree = "<group>"; };
		9C252D992BBA4BF6000AB9DA /* Base */ = {isa = PBXFileReference; lastKnownFileType = file.storyboard; name = Base; path = Base.lproj/Main.storyboard; sourceTree = "<group>"; };
		9C252D9C2BBA4BF6000AB9DA /* Kiosk.xcdatamodel */ = {isa = PBXFileReference; lastKnownFileType = wrapper.xcdatamodel; path = Kiosk.xcdatamodel; sourceTree = "<group>"; };
		9C252D9E2BBA4BF7000AB9DA /* Assets.xcassets */ = {isa = PBXFileReference; lastKnownFileType = folder.assetcatalog; path = Assets.xcassets; sourceTree = "<group>"; };
		9C252DA12BBA4BF7000AB9DA /* Base */ = {isa = PBXFileReference; lastKnownFileType = file.storyboard; name = Base; path = Base.lproj/LaunchScreen.storyboard; sourceTree = "<group>"; };
		9C252DA32BBA4BF7000AB9DA /* Info.plist */ = {isa = PBXFileReference; lastKnownFileType = text.plist.xml; path = Info.plist; sourceTree = "<group>"; };
		9CB8224B2BBA8D0500F549A7 /* iMac.png */ = {isa = PBXFileReference; lastKnownFileType = image.png; path = iMac.png; sourceTree = "<group>"; };
		9CB8224C2BBA8D0500F549A7 /* MacBookAir13(M2).png */ = {isa = PBXFileReference; lastKnownFileType = image.png; path = "MacBookAir13(M2).png"; sourceTree = "<group>"; };
		9CB8224D2BBA8D0500F549A7 /* MacBookAir13(M3).png */ = {isa = PBXFileReference; lastKnownFileType = image.png; path = "MacBookAir13(M3).png"; sourceTree = "<group>"; };
		9CB8224E2BBA8D0500F549A7 /* MacBookAir15(M3).png */ = {isa = PBXFileReference; lastKnownFileType = image.png; path = "MacBookAir15(M3).png"; sourceTree = "<group>"; };
		9CB8224F2BBA8D0500F549A7 /* MacBookPro14.png */ = {isa = PBXFileReference; lastKnownFileType = image.png; path = MacBookPro14.png; sourceTree = "<group>"; };
		9CB822502BBA8D0500F549A7 /* MacBookPro16.jpeg */ = {isa = PBXFileReference; lastKnownFileType = image.jpeg; path = MacBookPro16.jpeg; sourceTree = "<group>"; };
		9CB822512BBA8D0500F549A7 /* MacMini.png */ = {isa = PBXFileReference; lastKnownFileType = image.png; path = MacMini.png; sourceTree = "<group>"; };
		9CB822522BBA8D0500F549A7 /* MacPro.jpeg */ = {isa = PBXFileReference; lastKnownFileType = image.jpeg; path = MacPro.jpeg; sourceTree = "<group>"; };
		9CB822532BBA8D0500F549A7 /* MacStudio.png */ = {isa = PBXFileReference; lastKnownFileType = image.png; path = MacStudio.png; sourceTree = "<group>"; };
		9CB822542BBA8D0500F549A7 /* ProDisplayXDR.jpeg */ = {isa = PBXFileReference; lastKnownFileType = image.jpeg; path = ProDisplayXDR.jpeg; sourceTree = "<group>"; };
		9CB822552BBA8D0500F549A7 /* StudioDisplay.png */ = {isa = PBXFileReference; lastKnownFileType = image.png; path = StudioDisplay.png; sourceTree = "<group>"; };
		9CB822572BBA8D0500F549A7 /* iPhone13.png */ = {isa = PBXFileReference; lastKnownFileType = image.png; path = iPhone13.png; sourceTree = "<group>"; };
		9CB822582BBA8D0500F549A7 /* iPhone14.jpeg */ = {isa = PBXFileReference; lastKnownFileType = image.jpeg; path = iPhone14.jpeg; sourceTree = "<group>"; };
		9CB822592BBA8D0500F549A7 /* iPhone14Plus.png */ = {isa = PBXFileReference; lastKnownFileType = image.png; path = iPhone14Plus.png; sourceTree = "<group>"; };
		9CB8225A2BBA8D0500F549A7 /* iPhone15.jpeg */ = {isa = PBXFileReference; lastKnownFileType = image.jpeg; path = iPhone15.jpeg; sourceTree = "<group>"; };
		9CB8225B2BBA8D0500F549A7 /* iPhone15Plus.png */ = {isa = PBXFileReference; lastKnownFileType = image.png; path = iPhone15Plus.png; sourceTree = "<group>"; };
		9CB8225C2BBA8D0500F549A7 /* iPhone15Pro.jpeg */ = {isa = PBXFileReference; lastKnownFileType = image.jpeg; path = iPhone15Pro.jpeg; sourceTree = "<group>"; };
		9CB8225D2BBA8D0500F549A7 /* iPhone15ProMax.png */ = {isa = PBXFileReference; lastKnownFileType = image.png; path = iPhone15ProMax.png; sourceTree = "<group>"; };
		9CB8225E2BBA8D0500F549A7 /* iPhoneSE.jpeg */ = {isa = PBXFileReference; lastKnownFileType = image.jpeg; path = iPhoneSE.jpeg; sourceTree = "<group>"; };
		9CB822602BBA8D0500F549A7 /* iPad(9세대).png */ = {isa = PBXFileReference; lastKnownFileType = image.png; path = "iPad(9세대).png"; sourceTree = "<group>"; };
		9CB822612BBA8D0500F549A7 /* iPad(10세대).png */ = {isa = PBXFileReference; lastKnownFileType = image.png; path = "iPad(10세대).png"; sourceTree = "<group>"; };
		9CB822622BBA8D0500F549A7 /* iPadAir.png */ = {isa = PBXFileReference; lastKnownFileType = image.png; path = iPadAir.png; sourceTree = "<group>"; };
		9CB822632BBA8D0500F549A7 /* iPadMini.png */ = {isa = PBXFileReference; lastKnownFileType = image.png; path = iPadMini.png; sourceTree = "<group>"; };
		9CB822642BBA8D0500F549A7 /* iPadPro11.png */ = {isa = PBXFileReference; lastKnownFileType = image.png; path = iPadPro11.png; sourceTree = "<group>"; };
		9CB822652BBA8D0500F549A7 /* iPadPro12.9.png */ = {isa = PBXFileReference; lastKnownFileType = image.png; path = iPadPro12.9.png; sourceTree = "<group>"; };
		9CB822672BBA8D0500F549A7 /* 20WUSB-C전원어댑터.jpeg */ = {isa = PBXFileReference; lastKnownFileType = image.jpeg; path = "20WUSB-C전원어댑터.jpeg"; sourceTree = "<group>"; };
		9CB822682BBA8D0500F549A7 /* 밀레니즈 루프.png */ = {isa = PBXFileReference; lastKnownFileType = image.png; path = "밀레니즈 루프.png"; sourceTree = "<group>"; };
		9CB822692BBA8D0500F549A7 /* AirTag.jpeg */ = {isa = PBXFileReference; lastKnownFileType = image.jpeg; path = AirTag.jpeg; sourceTree = "<group>"; };
		9CB8226A2BBA8D0500F549A7 /* Keyboard.jpeg */ = {isa = PBXFileReference; lastKnownFileType = image.jpeg; path = Keyboard.jpeg; sourceTree = "<group>"; };
		9CB8226B2BBA8D0500F549A7 /* MacSafeiPhone15Pro투명케이스.jpeg */ = {isa = PBXFileReference; lastKnownFileType = image.jpeg; path = "MacSafeiPhone15Pro투명케이스.jpeg"; sourceTree = "<group>"; };
		9CB8226C2BBA8D0500F549A7 /* MacSafeiPhone파인우븐카드지갑.png */ = {isa = PBXFileReference; lastKnownFileType = image.png; path = "MacSafeiPhone파인우븐카드지갑.png"; sourceTree = "<group>"; };
		9CB8226D2BBA8D0500F549A7 /* MagicMouse.png */ = {isa = PBXFileReference; lastKnownFileType = image.png; path = MagicMouse.png; sourceTree = "<group>"; };
		9CB8226E2BBA8D0500F549A7 /* MagicTrackpad.png */ = {isa = PBXFileReference; lastKnownFileType = image.png; path = MagicTrackpad.png; sourceTree = "<group>"; };
		9CB8226F2BBA8D0500F549A7 /* MagSafeiPhone15실리콘케이스.png */ = {isa = PBXFileReference; lastKnownFileType = image.png; path = "MagSafeiPhone15실리콘케이스.png"; sourceTree = "<group>"; };
		9CB822712BBA8D0500F549A7 /* AppleWatchHermes.jpeg */ = {isa = PBXFileReference; lastKnownFileType = image.jpeg; path = AppleWatchHermes.jpeg; sourceTree = "<group>"; };
		9CB822722BBA8D0500F549A7 /* AppleWatchSE.png */ = {isa = PBXFileReference; lastKnownFileType = image.png; path = AppleWatchSE.png; sourceTree = "<group>"; };
		9CB822732BBA8D0500F549A7 /* AppleWatchSeries9.png */ = {isa = PBXFileReference; lastKnownFileType = image.png; path = AppleWatchSeries9.png; sourceTree = "<group>"; };
		9CB822742BBA8D0500F549A7 /* AppleWatchUltra2.jpeg */ = {isa = PBXFileReference; lastKnownFileType = image.jpeg; path = AppleWatchUltra2.jpeg; sourceTree = "<group>"; };
/* End PBXFileReference section */

/* Begin PBXFrameworksBuildPhase section */
		9C252D8C2BBA4BF6000AB9DA /* Frameworks */ = {
			isa = PBXFrameworksBuildPhase;
			buildActionMask = 2147483647;
			files = (
			);
			runOnlyForDeploymentPostprocessing = 0;
		};
/* End PBXFrameworksBuildPhase section */

/* Begin PBXGroup section */
		9C252D862BBA4BF6000AB9DA = {
			isa = PBXGroup;
			children = (
				9C252D912BBA4BF6000AB9DA /* Kiosk */,
				9C252D902BBA4BF6000AB9DA /* Products */,
			);
			sourceTree = "<group>";
		};
		9C252D902BBA4BF6000AB9DA /* Products */ = {
			isa = PBXGroup;
			children = (
				9C252D8F2BBA4BF6000AB9DA /* Kiosk.app */,
			);
			name = Products;
			sourceTree = "<group>";
		};
		9C252D912BBA4BF6000AB9DA /* Kiosk */ = {
			isa = PBXGroup;
			children = (
				9CB8224A2BBA8CF700F549A7 /* AppleImage */,
				9C252D922BBA4BF6000AB9DA /* AppDelegate.swift */,
				9C252D942BBA4BF6000AB9DA /* SceneDelegate.swift */,
				9C252D962BBA4BF6000AB9DA /* ViewController.swift */,
				9C252D982BBA4BF6000AB9DA /* Main.storyboard */,
				9C252D9E2BBA4BF7000AB9DA /* Assets.xcassets */,
				9C252DA02BBA4BF7000AB9DA /* LaunchScreen.storyboard */,
				9C252DA32BBA4BF7000AB9DA /* Info.plist */,
				9C252D9B2BBA4BF6000AB9DA /* Kiosk.xcdatamodeld */,
			);
			path = Kiosk;
			sourceTree = "<group>";
		};
		9CB8224A2BBA8CF700F549A7 /* AppleImage */ = {
			isa = PBXGroup;
			children = (
				9CB822702BBA8D0500F549A7 /* etc */,
				9CB822662BBA8D0500F549A7 /* iPad */,
				9CB8225F2BBA8D0500F549A7 /* iPhone */,
				9CB822562BBA8D0500F549A7 /* Mac */,
				9CB822752BBA8D0500F549A7 /* Watch */,
			);
			path = AppleImage;
			sourceTree = "<group>";
		};
		9CB822562BBA8D0500F549A7 /* Mac */ = {
			isa = PBXGroup;
			children = (
				9CB8224B2BBA8D0500F549A7 /* iMac.png */,
				9CB8224C2BBA8D0500F549A7 /* MacBookAir13(M2).png */,
				9CB8224D2BBA8D0500F549A7 /* MacBookAir13(M3).png */,
				9CB8224E2BBA8D0500F549A7 /* MacBookAir15(M3).png */,
				9CB8224F2BBA8D0500F549A7 /* MacBookPro14.png */,
				9CB822502BBA8D0500F549A7 /* MacBookPro16.jpeg */,
				9CB822512BBA8D0500F549A7 /* MacMini.png */,
				9CB822522BBA8D0500F549A7 /* MacPro.jpeg */,
				9CB822532BBA8D0500F549A7 /* MacStudio.png */,
				9CB822542BBA8D0500F549A7 /* ProDisplayXDR.jpeg */,
				9CB822552BBA8D0500F549A7 /* StudioDisplay.png */,
			);
			path = Mac;
			sourceTree = "<group>";
		};
		9CB8225F2BBA8D0500F549A7 /* iPhone */ = {
			isa = PBXGroup;
			children = (
				9CB822572BBA8D0500F549A7 /* iPhone13.png */,
				9CB822582BBA8D0500F549A7 /* iPhone14.jpeg */,
				9CB822592BBA8D0500F549A7 /* iPhone14Plus.png */,
				9CB8225A2BBA8D0500F549A7 /* iPhone15.jpeg */,
				9CB8225B2BBA8D0500F549A7 /* iPhone15Plus.png */,
				9CB8225C2BBA8D0500F549A7 /* iPhone15Pro.jpeg */,
				9CB8225D2BBA8D0500F549A7 /* iPhone15ProMax.png */,
				9CB8225E2BBA8D0500F549A7 /* iPhoneSE.jpeg */,
			);
			path = iPhone;
			sourceTree = "<group>";
		};
		9CB822662BBA8D0500F549A7 /* iPad */ = {
			isa = PBXGroup;
			children = (
				9CB822602BBA8D0500F549A7 /* iPad(9세대).png */,
				9CB822612BBA8D0500F549A7 /* iPad(10세대).png */,
				9CB822622BBA8D0500F549A7 /* iPadAir.png */,
				9CB822632BBA8D0500F549A7 /* iPadMini.png */,
				9CB822642BBA8D0500F549A7 /* iPadPro11.png */,
				9CB822652BBA8D0500F549A7 /* iPadPro12.9.png */,
			);
			path = iPad;
			sourceTree = "<group>";
		};
		9CB822702BBA8D0500F549A7 /* etc */ = {
			isa = PBXGroup;
			children = (
				9CB822672BBA8D0500F549A7 /* 20WUSB-C전원어댑터.jpeg */,
				9CB822682BBA8D0500F549A7 /* 밀레니즈 루프.png */,
				9CB822692BBA8D0500F549A7 /* AirTag.jpeg */,
				9CB8226A2BBA8D0500F549A7 /* Keyboard.jpeg */,
				9CB8226B2BBA8D0500F549A7 /* MacSafeiPhone15Pro투명케이스.jpeg */,
				9CB8226C2BBA8D0500F549A7 /* MacSafeiPhone파인우븐카드지갑.png */,
				9CB8226D2BBA8D0500F549A7 /* MagicMouse.png */,
				9CB8226E2BBA8D0500F549A7 /* MagicTrackpad.png */,
				9CB8226F2BBA8D0500F549A7 /* MagSafeiPhone15실리콘케이스.png */,
			);
			path = etc;
			sourceTree = "<group>";
		};
		9CB822752BBA8D0500F549A7 /* Watch */ = {
			isa = PBXGroup;
			children = (
				9CB822712BBA8D0500F549A7 /* AppleWatchHermes.jpeg */,
				9CB822722BBA8D0500F549A7 /* AppleWatchSE.png */,
				9CB822732BBA8D0500F549A7 /* AppleWatchSeries9.png */,
				9CB822742BBA8D0500F549A7 /* AppleWatchUltra2.jpeg */,
			);
			path = Watch;
			sourceTree = "<group>";
		};
/* End PBXGroup section */

/* Begin PBXNativeTarget section */
		9C252D8E2BBA4BF6000AB9DA /* Kiosk */ = {
			isa = PBXNativeTarget;
			buildConfigurationList = 9C252DA62BBA4BF7000AB9DA /* Build configuration list for PBXNativeTarget "Kiosk" */;
			buildPhases = (
				9C252D8B2BBA4BF6000AB9DA /* Sources */,
				9C252D8C2BBA4BF6000AB9DA /* Frameworks */,
				9C252D8D2BBA4BF6000AB9DA /* Resources */,
			);
			buildRules = (
			);
			dependencies = (
			);
			name = Kiosk;
			productName = Kiosk;
			productReference = 9C252D8F2BBA4BF6000AB9DA /* Kiosk.app */;
			productType = "com.apple.product-type.application";
		};
/* End PBXNativeTarget section */

/* Begin PBXProject section */
		9C252D872BBA4BF6000AB9DA /* Project object */ = {
			isa = PBXProject;
			attributes = {
				BuildIndependentTargetsInParallel = 1;
				LastSwiftUpdateCheck = 1530;
				LastUpgradeCheck = 1530;
				TargetAttributes = {
					9C252D8E2BBA4BF6000AB9DA = {
						CreatedOnToolsVersion = 15.3;
					};
				};
			};
			buildConfigurationList = 9C252D8A2BBA4BF6000AB9DA /* Build configuration list for PBXProject "Kiosk" */;
			compatibilityVersion = "Xcode 14.0";
			developmentRegion = en;
			hasScannedForEncodings = 0;
			knownRegions = (
				en,
				Base,
			);
			mainGroup = 9C252D862BBA4BF6000AB9DA;
			productRefGroup = 9C252D902BBA4BF6000AB9DA /* Products */;
			projectDirPath = "";
			projectRoot = "";
			targets = (
				9C252D8E2BBA4BF6000AB9DA /* Kiosk */,
			);
		};
/* End PBXProject section */

/* Begin PBXResourcesBuildPhase section */
		9C252D8D2BBA4BF6000AB9DA /* Resources */ = {
			isa = PBXResourcesBuildPhase;
			buildActionMask = 2147483647;
			files = (
				9CB822772BBA8D0500F549A7 /* MacBookAir13(M2).png in Resources */,
				9CB822992BBA8D0500F549A7 /* AppleWatchSE.png in Resources */,
				9C252D9F2BBA4BF7000AB9DA /* Assets.xcassets in Resources */,
				9CB8228B2BBA8D0500F549A7 /* iPadAir.png in Resources */,
				9CB8227B2BBA8D0500F549A7 /* MacBookPro16.jpeg in Resources */,
				9CB822832BBA8D0500F549A7 /* iPhone14Plus.png in Resources */,
				9CB822882BBA8D0500F549A7 /* iPhoneSE.jpeg in Resources */,
				9CB8227F2BBA8D0500F549A7 /* ProDisplayXDR.jpeg in Resources */,
				9CB8228E2BBA8D0500F549A7 /* iPadPro12.9.png in Resources */,
				9CB822802BBA8D0500F549A7 /* StudioDisplay.png in Resources */,
				9CB822782BBA8D0500F549A7 /* MacBookAir13(M3).png in Resources */,
				9CB8228F2BBA8D0500F549A7 /* 20WUSB-C전원어댑터.jpeg in Resources */,
				9CB822962BBA8D0500F549A7 /* MagicTrackpad.png in Resources */,
				9CB8229A2BBA8D0500F549A7 /* AppleWatchSeries9.png in Resources */,
				9CB822902BBA8D0500F549A7 /* 밀레니즈 루프.png in Resources */,
				9CB822762BBA8D0500F549A7 /* iMac.png in Resources */,
				9CB822842BBA8D0500F549A7 /* iPhone15.jpeg in Resources */,
				9CB822972BBA8D0500F549A7 /* MagSafeiPhone15실리콘케이스.png in Resources */,
				9CB822792BBA8D0500F549A7 /* MacBookAir15(M3).png in Resources */,
				9CB8228C2BBA8D0500F549A7 /* iPadMini.png in Resources */,
				9CB8228D2BBA8D0500F549A7 /* iPadPro11.png in Resources */,
				9CB822952BBA8D0500F549A7 /* MagicMouse.png in Resources */,
				9CB8227D2BBA8D0500F549A7 /* MacPro.jpeg in Resources */,
				9CB822922BBA8D0500F549A7 /* Keyboard.jpeg in Resources */,
				9CB822822BBA8D0500F549A7 /* iPhone14.jpeg in Resources */,
				9CB8227A2BBA8D0500F549A7 /* MacBookPro14.png in Resources */,
				9CB822932BBA8D0500F549A7 /* MacSafeiPhone15Pro투명케이스.jpeg in Resources */,
				9CB822852BBA8D0500F549A7 /* iPhone15Plus.png in Resources */,
				9CB822872BBA8D0500F549A7 /* iPhone15ProMax.png in Resources */,
				9C252DA22BBA4BF7000AB9DA /* Base in Resources */,
				9CB822982BBA8D0500F549A7 /* AppleWatchHermes.jpeg in Resources */,
				9CB822912BBA8D0500F549A7 /* AirTag.jpeg in Resources */,
				9CB8229B2BBA8D0500F549A7 /* AppleWatchUltra2.jpeg in Resources */,
				9CB822812BBA8D0500F549A7 /* iPhone13.png in Resources */,
				9CB822942BBA8D0500F549A7 /* MacSafeiPhone파인우븐카드지갑.png in Resources */,
				9CB8227E2BBA8D0500F549A7 /* MacStudio.png in Resources */,
				9CB8227C2BBA8D0500F549A7 /* MacMini.png in Resources */,
				9CB822862BBA8D0500F549A7 /* iPhone15Pro.jpeg in Resources */,
				9C252D9A2BBA4BF6000AB9DA /* Base in Resources */,
				9CB822892BBA8D0500F549A7 /* iPad(9세대).png in Resources */,
				9CB8228A2BBA8D0500F549A7 /* iPad(10세대).png in Resources */,
			);
			runOnlyForDeploymentPostprocessing = 0;
		};
/* End PBXResourcesBuildPhase section */

/* Begin PBXSourcesBuildPhase section */
		9C252D8B2BBA4BF6000AB9DA /* Sources */ = {
			isa = PBXSourcesBuildPhase;
			buildActionMask = 2147483647;
			files = (
				9C252D972BBA4BF6000AB9DA /* ViewController.swift in Sources */,
				9C252D932BBA4BF6000AB9DA /* AppDelegate.swift in Sources */,
				9C252D952BBA4BF6000AB9DA /* SceneDelegate.swift in Sources */,
				9C252D9D2BBA4BF6000AB9DA /* Kiosk.xcdatamodeld in Sources */,
			);
			runOnlyForDeploymentPostprocessing = 0;
		};
/* End PBXSourcesBuildPhase section */

/* Begin PBXVariantGroup section */
		9C252D982BBA4BF6000AB9DA /* Main.storyboard */ = {
			isa = PBXVariantGroup;
			children = (
				9C252D992BBA4BF6000AB9DA /* Base */,
			);
			name = Main.storyboard;
			sourceTree = "<group>";
		};
		9C252DA02BBA4BF7000AB9DA /* LaunchScreen.storyboard */ = {
			isa = PBXVariantGroup;
			children = (
				9C252DA12BBA4BF7000AB9DA /* Base */,
			);
			name = LaunchScreen.storyboard;
			sourceTree = "<group>";
		};
/* End PBXVariantGroup section */

/* Begin XCBuildConfiguration section */
		9C252DA42BBA4BF7000AB9DA /* Debug */ = {
			isa = XCBuildConfiguration;
			buildSettings = {
				ALWAYS_SEARCH_USER_PATHS = NO;
				ASSETCATALOG_COMPILER_GENERATE_SWIFT_ASSET_SYMBOL_EXTENSIONS = YES;
				CLANG_ANALYZER_NONNULL = YES;
				CLANG_ANALYZER_NUMBER_OBJECT_CONVERSION = YES_AGGRESSIVE;
				CLANG_CXX_LANGUAGE_STANDARD = "gnu++20";
				CLANG_ENABLE_MODULES = YES;
				CLANG_ENABLE_OBJC_ARC = YES;
				CLANG_ENABLE_OBJC_WEAK = YES;
				CLANG_WARN_BLOCK_CAPTURE_AUTORELEASING = YES;
				CLANG_WARN_BOOL_CONVERSION = YES;
				CLANG_WARN_COMMA = YES;
				CLANG_WARN_CONSTANT_CONVERSION = YES;
				CLANG_WARN_DEPRECATED_OBJC_IMPLEMENTATIONS = YES;
				CLANG_WARN_DIRECT_OBJC_ISA_USAGE = YES_ERROR;
				CLANG_WARN_DOCUMENTATION_COMMENTS = YES;
				CLANG_WARN_EMPTY_BODY = YES;
				CLANG_WARN_ENUM_CONVERSION = YES;
				CLANG_WARN_INFINITE_RECURSION = YES;
				CLANG_WARN_INT_CONVERSION = YES;
				CLANG_WARN_NON_LITERAL_NULL_CONVERSION = YES;
				CLANG_WARN_OBJC_IMPLICIT_RETAIN_SELF = YES;
				CLANG_WARN_OBJC_LITERAL_CONVERSION = YES;
				CLANG_WARN_OBJC_ROOT_CLASS = YES_ERROR;
				CLANG_WARN_QUOTED_INCLUDE_IN_FRAMEWORK_HEADER = YES;
				CLANG_WARN_RANGE_LOOP_ANALYSIS = YES;
				CLANG_WARN_STRICT_PROTOTYPES = YES;
				CLANG_WARN_SUSPICIOUS_MOVE = YES;
				CLANG_WARN_UNGUARDED_AVAILABILITY = YES_AGGRESSIVE;
				CLANG_WARN_UNREACHABLE_CODE = YES;
				CLANG_WARN__DUPLICATE_METHOD_MATCH = YES;
				COPY_PHASE_STRIP = NO;
				DEBUG_INFORMATION_FORMAT = dwarf;
				ENABLE_STRICT_OBJC_MSGSEND = YES;
				ENABLE_TESTABILITY = YES;
				ENABLE_USER_SCRIPT_SANDBOXING = YES;
				GCC_C_LANGUAGE_STANDARD = gnu17;
				GCC_DYNAMIC_NO_PIC = NO;
				GCC_NO_COMMON_BLOCKS = YES;
				GCC_OPTIMIZATION_LEVEL = 0;
				GCC_PREPROCESSOR_DEFINITIONS = (
					"DEBUG=1",
					"$(inherited)",
				);
				GCC_WARN_64_TO_32_BIT_CONVERSION = YES;
				GCC_WARN_ABOUT_RETURN_TYPE = YES_ERROR;
				GCC_WARN_UNDECLARED_SELECTOR = YES;
				GCC_WARN_UNINITIALIZED_AUTOS = YES_AGGRESSIVE;
				GCC_WARN_UNUSED_FUNCTION = YES;
				GCC_WARN_UNUSED_VARIABLE = YES;
				IPHONEOS_DEPLOYMENT_TARGET = 17.4;
				LOCALIZATION_PREFERS_STRING_CATALOGS = YES;
				MTL_ENABLE_DEBUG_INFO = INCLUDE_SOURCE;
				MTL_FAST_MATH = YES;
				ONLY_ACTIVE_ARCH = YES;
				SDKROOT = iphoneos;
				SWIFT_ACTIVE_COMPILATION_CONDITIONS = "DEBUG $(inherited)";
				SWIFT_OPTIMIZATION_LEVEL = "-Onone";
			};
			name = Debug;
		};
		9C252DA52BBA4BF7000AB9DA /* Release */ = {
			isa = XCBuildConfiguration;
			buildSettings = {
				ALWAYS_SEARCH_USER_PATHS = NO;
				ASSETCATALOG_COMPILER_GENERATE_SWIFT_ASSET_SYMBOL_EXTENSIONS = YES;
				CLANG_ANALYZER_NONNULL = YES;
				CLANG_ANALYZER_NUMBER_OBJECT_CONVERSION = YES_AGGRESSIVE;
				CLANG_CXX_LANGUAGE_STANDARD = "gnu++20";
				CLANG_ENABLE_MODULES = YES;
				CLANG_ENABLE_OBJC_ARC = YES;
				CLANG_ENABLE_OBJC_WEAK = YES;
				CLANG_WARN_BLOCK_CAPTURE_AUTORELEASING = YES;
				CLANG_WARN_BOOL_CONVERSION = YES;
				CLANG_WARN_COMMA = YES;
				CLANG_WARN_CONSTANT_CONVERSION = YES;
				CLANG_WARN_DEPRECATED_OBJC_IMPLEMENTATIONS = YES;
				CLANG_WARN_DIRECT_OBJC_ISA_USAGE = YES_ERROR;
				CLANG_WARN_DOCUMENTATION_COMMENTS = YES;
				CLANG_WARN_EMPTY_BODY = YES;
				CLANG_WARN_ENUM_CONVERSION = YES;
				CLANG_WARN_INFINITE_RECURSION = YES;
				CLANG_WARN_INT_CONVERSION = YES;
				CLANG_WARN_NON_LITERAL_NULL_CONVERSION = YES;
				CLANG_WARN_OBJC_IMPLICIT_RETAIN_SELF = YES;
				CLANG_WARN_OBJC_LITERAL_CONVERSION = YES;
				CLANG_WARN_OBJC_ROOT_CLASS = YES_ERROR;
				CLANG_WARN_QUOTED_INCLUDE_IN_FRAMEWORK_HEADER = YES;
				CLANG_WARN_RANGE_LOOP_ANALYSIS = YES;
				CLANG_WARN_STRICT_PROTOTYPES = YES;
				CLANG_WARN_SUSPICIOUS_MOVE = YES;
				CLANG_WARN_UNGUARDED_AVAILABILITY = YES_AGGRESSIVE;
				CLANG_WARN_UNREACHABLE_CODE = YES;
				CLANG_WARN__DUPLICATE_METHOD_MATCH = YES;
				COPY_PHASE_STRIP = NO;
				DEBUG_INFORMATION_FORMAT = "dwarf-with-dsym";
				ENABLE_NS_ASSERTIONS = NO;
				ENABLE_STRICT_OBJC_MSGSEND = YES;
				ENABLE_USER_SCRIPT_SANDBOXING = YES;
				GCC_C_LANGUAGE_STANDARD = gnu17;
				GCC_NO_COMMON_BLOCKS = YES;
				GCC_WARN_64_TO_32_BIT_CONVERSION = YES;
				GCC_WARN_ABOUT_RETURN_TYPE = YES_ERROR;
				GCC_WARN_UNDECLARED_SELECTOR = YES;
				GCC_WARN_UNINITIALIZED_AUTOS = YES_AGGRESSIVE;
				GCC_WARN_UNUSED_FUNCTION = YES;
				GCC_WARN_UNUSED_VARIABLE = YES;
				IPHONEOS_DEPLOYMENT_TARGET = 17.4;
				LOCALIZATION_PREFERS_STRING_CATALOGS = YES;
				MTL_ENABLE_DEBUG_INFO = NO;
				MTL_FAST_MATH = YES;
				SDKROOT = iphoneos;
				SWIFT_COMPILATION_MODE = wholemodule;
				VALIDATE_PRODUCT = YES;
			};
			name = Release;
		};
		9C252DA72BBA4BF7000AB9DA /* Debug */ = {
			isa = XCBuildConfiguration;
			buildSettings = {
				ASSETCATALOG_COMPILER_APPICON_NAME = AppIcon;
				ASSETCATALOG_COMPILER_GLOBAL_ACCENT_COLOR_NAME = AccentColor;
				CODE_SIGN_STYLE = Automatic;
				CURRENT_PROJECT_VERSION = 1;
				GENERATE_INFOPLIST_FILE = YES;
				INFOPLIST_FILE = Kiosk/Info.plist;
				INFOPLIST_KEY_UIApplicationSupportsIndirectInputEvents = YES;
				INFOPLIST_KEY_UILaunchStoryboardName = LaunchScreen;
				INFOPLIST_KEY_UIMainStoryboardFile = Main;
				INFOPLIST_KEY_UISupportedInterfaceOrientations = UIInterfaceOrientationPortrait;
				INFOPLIST_KEY_UISupportedInterfaceOrientations_iPad = "UIInterfaceOrientationLandscapeLeft UIInterfaceOrientationLandscapeRight UIInterfaceOrientationPortrait UIInterfaceOrientationPortraitUpsideDown";
				IPHONEOS_DEPLOYMENT_TARGET = 15.0;
				LD_RUNPATH_SEARCH_PATHS = (
					"$(inherited)",
					"@executable_path/Frameworks",
				);
				MARKETING_VERSION = 1.0;
				PRODUCT_BUNDLE_IDENTIFIER = com.imhs.Kiosk;
				PRODUCT_NAME = "$(TARGET_NAME)";
				SUPPORTED_PLATFORMS = "iphoneos iphonesimulator";
				SUPPORTS_MACCATALYST = NO;
				SUPPORTS_MAC_DESIGNED_FOR_IPHONE_IPAD = NO;
				SUPPORTS_XR_DESIGNED_FOR_IPHONE_IPAD = NO;
				SWIFT_EMIT_LOC_STRINGS = YES;
				SWIFT_VERSION = 5.0;
				TARGETED_DEVICE_FAMILY = 1;
			};
			name = Debug;
		};
		9C252DA82BBA4BF7000AB9DA /* Release */ = {
			isa = XCBuildConfiguration;
			buildSettings = {
				ASSETCATALOG_COMPILER_APPICON_NAME = AppIcon;
				ASSETCATALOG_COMPILER_GLOBAL_ACCENT_COLOR_NAME = AccentColor;
				CODE_SIGN_STYLE = Automatic;
				CURRENT_PROJECT_VERSION = 1;
				GENERATE_INFOPLIST_FILE = YES;
				INFOPLIST_FILE = Kiosk/Info.plist;
				INFOPLIST_KEY_UIApplicationSupportsIndirectInputEvents = YES;
				INFOPLIST_KEY_UILaunchStoryboardName = LaunchScreen;
				INFOPLIST_KEY_UIMainStoryboardFile = Main;
				INFOPLIST_KEY_UISupportedInterfaceOrientations = UIInterfaceOrientationPortrait;
				INFOPLIST_KEY_UISupportedInterfaceOrientations_iPad = "UIInterfaceOrientationLandscapeLeft UIInterfaceOrientationLandscapeRight UIInterfaceOrientationPortrait UIInterfaceOrientationPortraitUpsideDown";
				IPHONEOS_DEPLOYMENT_TARGET = 15.0;
				LD_RUNPATH_SEARCH_PATHS = (
					"$(inherited)",
					"@executable_path/Frameworks",
				);
				MARKETING_VERSION = 1.0;
				PRODUCT_BUNDLE_IDENTIFIER = com.imhs.Kiosk;
				PRODUCT_NAME = "$(TARGET_NAME)";
				SUPPORTED_PLATFORMS = "iphoneos iphonesimulator";
				SUPPORTS_MACCATALYST = NO;
				SUPPORTS_MAC_DESIGNED_FOR_IPHONE_IPAD = NO;
				SUPPORTS_XR_DESIGNED_FOR_IPHONE_IPAD = NO;
				SWIFT_EMIT_LOC_STRINGS = YES;
				SWIFT_VERSION = 5.0;
				TARGETED_DEVICE_FAMILY = 1;
			};
			name = Release;
		};
/* End XCBuildConfiguration section */

/* Begin XCConfigurationList section */
		9C252D8A2BBA4BF6000AB9DA /* Build configuration list for PBXProject "Kiosk" */ = {
			isa = XCConfigurationList;
			buildConfigurations = (
				9C252DA42BBA4BF7000AB9DA /* Debug */,
				9C252DA52BBA4BF7000AB9DA /* Release */,
			);
			defaultConfigurationIsVisible = 0;
			defaultConfigurationName = Release;
		};
		9C252DA62BBA4BF7000AB9DA /* Build configuration list for PBXNativeTarget "Kiosk" */ = {
			isa = XCConfigurationList;
			buildConfigurations = (
				9C252DA72BBA4BF7000AB9DA /* Debug */,
				9C252DA82BBA4BF7000AB9DA /* Release */,
			);
			defaultConfigurationIsVisible = 0;
			defaultConfigurationName = Release;
		};
/* End XCConfigurationList section */

/* Begin XCVersionGroup section */
		9C252D9B2BBA4BF6000AB9DA /* Kiosk.xcdatamodeld */ = {
			isa = XCVersionGroup;
			children = (
				9C252D9C2BBA4BF6000AB9DA /* Kiosk.xcdatamodel */,
			);
			currentVersion = 9C252D9C2BBA4BF6000AB9DA /* Kiosk.xcdatamodel */;
			path = Kiosk.xcdatamodeld;
			sourceTree = "<group>";
			versionGroupType = wrapper.xcdatamodel;
		};
/* End XCVersionGroup section */
	};
	rootObject = 9C252D872BBA4BF6000AB9DA /* Project object */;
}
