// !$*UTF8*$!
{
	archiveVersion = 1;
	classes = {
	};
	objectVersion = 56;
	objects = {

/* Begin PBXBuildFile section */
		4D196DD02BBA85E100311CAF /* DataManager.swift in Sources */ = {isa = PBXBuildFile; fileRef = 4D196DCF2BBA85E100311CAF /* DataManager.swift */; };
		4D196DD62BBA9CCE00311CAF /* ProductCell.swift in Sources */ = {isa = PBXBuildFile; fileRef = 4D196DD52BBA9CCE00311CAF /* ProductCell.swift */; };
		4D89ACE32BBED2420073452E /* CallCenterTableViewCell.swift in Sources */ = {isa = PBXBuildFile; fileRef = 4D89ACE22BBED2420073452E /* CallCenterTableViewCell.swift */; };
		610AE2932BBEB31D00DCD7DE /* PriceCell.swift in Sources */ = {isa = PBXBuildFile; fileRef = 610AE2912BBEB31D00DCD7DE /* PriceCell.swift */; };
		610AE2942BBEB31D00DCD7DE /* PriceCell.xib in Resources */ = {isa = PBXBuildFile; fileRef = 610AE2922BBEB31D00DCD7DE /* PriceCell.xib */; };
		610AE2982BBEF59700DCD7DE /* HomeItem.swift in Sources */ = {isa = PBXBuildFile; fileRef = 610AE2972BBEF59700DCD7DE /* HomeItem.swift */; };
		610AE29B2BBEF8B100DCD7DE /* ListManager.swift in Sources */ = {isa = PBXBuildFile; fileRef = 610AE29A2BBEF8B100DCD7DE /* ListManager.swift */; };
		61F971DB2BBCD13D00A472C0 /* ModalViewController.swift in Sources */ = {isa = PBXBuildFile; fileRef = 61F971DA2BBCD13D00A472C0 /* ModalViewController.swift */; };
		6B3451182BBF924B00B8CFCA /* 20WUSB-CpowerAdapter.png in Resources */ = {isa = PBXBuildFile; fileRef = 6B3451172BBF924B00B8CFCA /* 20WUSB-CpowerAdapter.png */; };
		6B34511A2BBF927B00B8CFCA /* AirTag.png in Resources */ = {isa = PBXBuildFile; fileRef = 6B3451192BBF927B00B8CFCA /* AirTag.png */; };
		6B34511C2BBF929800B8CFCA /* AppleWatchHermes.png in Resources */ = {isa = PBXBuildFile; fileRef = 6B34511B2BBF929800B8CFCA /* AppleWatchHermes.png */; };
		6B34511E2BBF92A900B8CFCA /* AppleWatchUltra2.png in Resources */ = {isa = PBXBuildFile; fileRef = 6B34511D2BBF92A900B8CFCA /* AppleWatchUltra2.png */; };
		6B3451202BBF92BC00B8CFCA /* iPhone14.png in Resources */ = {isa = PBXBuildFile; fileRef = 6B34511F2BBF92BC00B8CFCA /* iPhone14.png */; };
		6B3451222BBF92C800B8CFCA /* iPhone15.png in Resources */ = {isa = PBXBuildFile; fileRef = 6B3451212BBF92C800B8CFCA /* iPhone15.png */; };
		6B3451242BBF92D600B8CFCA /* iPhone15Pro.png in Resources */ = {isa = PBXBuildFile; fileRef = 6B3451232BBF92D600B8CFCA /* iPhone15Pro.png */; };
		6B3451262BBF92E500B8CFCA /* iPhoneSE.png in Resources */ = {isa = PBXBuildFile; fileRef = 6B3451252BBF92E500B8CFCA /* iPhoneSE.png */; };
		6B3451282BBF92F100B8CFCA /* Keyboard.png in Resources */ = {isa = PBXBuildFile; fileRef = 6B3451272BBF92F100B8CFCA /* Keyboard.png */; };
		6B34512A2BBF930400B8CFCA /* MacSafeiPhone15ProClearCase.png in Resources */ = {isa = PBXBuildFile; fileRef = 6B3451292BBF930400B8CFCA /* MacSafeiPhone15ProClearCase.png */; };
		6B34512C2BBF932F00B8CFCA /* MacBookPro16.png in Resources */ = {isa = PBXBuildFile; fileRef = 6B34512B2BBF932F00B8CFCA /* MacBookPro16.png */; };
		6B34512E2BBF934500B8CFCA /* MacPro.png in Resources */ = {isa = PBXBuildFile; fileRef = 6B34512D2BBF934500B8CFCA /* MacPro.png */; };
		6B3451302BBF935A00B8CFCA /* ProDisplayXDR.png in Resources */ = {isa = PBXBuildFile; fileRef = 6B34512F2BBF935A00B8CFCA /* ProDisplayXDR.png */; };
		9C252D932BBA4BF6000AB9DA /* AppDelegate.swift in Sources */ = {isa = PBXBuildFile; fileRef = 9C252D922BBA4BF6000AB9DA /* AppDelegate.swift */; };
		9C252D952BBA4BF6000AB9DA /* SceneDelegate.swift in Sources */ = {isa = PBXBuildFile; fileRef = 9C252D942BBA4BF6000AB9DA /* SceneDelegate.swift */; };
		9C252D972BBA4BF6000AB9DA /* ViewController.swift in Sources */ = {isa = PBXBuildFile; fileRef = 9C252D962BBA4BF6000AB9DA /* ViewController.swift */; };
		9C252D9A2BBA4BF6000AB9DA /* Base in Resources */ = {isa = PBXBuildFile; fileRef = 9C252D992BBA4BF6000AB9DA /* Base */; };
		9C252D9D2BBA4BF6000AB9DA /* Kiosk.xcdatamodeld in Sources */ = {isa = PBXBuildFile; fileRef = 9C252D9B2BBA4BF6000AB9DA /* Kiosk.xcdatamodeld */; };
		9C252D9F2BBA4BF7000AB9DA /* Assets.xcassets in Resources */ = {isa = PBXBuildFile; fileRef = 9C252D9E2BBA4BF7000AB9DA /* Assets.xcassets */; };
		9C252DA22BBA4BF7000AB9DA /* Base in Resources */ = {isa = PBXBuildFile; fileRef = 9C252DA12BBA4BF7000AB9DA /* Base */; };
		9C8558272BBC607E00375397 /* AppleProduct.swift in Sources */ = {isa = PBXBuildFile; fileRef = 9C8558262BBC607E00375397 /* AppleProduct.swift */; };
		9C85582D2BBC63C700375397 /* Constants.swift in Sources */ = {isa = PBXBuildFile; fileRef = 9C85582C2BBC63C700375397 /* Constants.swift */; };
		9C99BAFD2BBE38A500D3BC06 /* MyPageViewController.swift in Sources */ = {isa = PBXBuildFile; fileRef = 9C99BAFC2BBE38A500D3BC06 /* MyPageViewController.swift */; };
		9C99BAFF2BBE38E500D3BC06 /* CallCenterViewController.swift in Sources */ = {isa = PBXBuildFile; fileRef = 9C99BAFE2BBE38E500D3BC06 /* CallCenterViewController.swift */; };
		9C99BB022BBEA50A00D3BC06 /* HeaderCollectionReusableView.swift in Sources */ = {isa = PBXBuildFile; fileRef = 9C99BB002BBEA50A00D3BC06 /* HeaderCollectionReusableView.swift */; };
		9C99BB032BBEA50A00D3BC06 /* HomeCollectionViewCell.swift in Sources */ = {isa = PBXBuildFile; fileRef = 9C99BB012BBEA50A00D3BC06 /* HomeCollectionViewCell.swift */; };
		9C99BB052BBEA51D00D3BC06 /* HomeViewController.swift in Sources */ = {isa = PBXBuildFile; fileRef = 9C99BB042BBEA51D00D3BC06 /* HomeViewController.swift */; };
		9CB822762BBA8D0500F549A7 /* iMac.png in Resources */ = {isa = PBXBuildFile; fileRef = 9CB8224B2BBA8D0500F549A7 /* iMac.png */; };
		9CB822772BBA8D0500F549A7 /* MacBookAir13(M2).png in Resources */ = {isa = PBXBuildFile; fileRef = 9CB8224C2BBA8D0500F549A7 /* MacBookAir13(M2).png */; };
		9CB822782BBA8D0500F549A7 /* MacBookAir13(M3).png in Resources */ = {isa = PBXBuildFile; fileRef = 9CB8224D2BBA8D0500F549A7 /* MacBookAir13(M3).png */; };
		9CB822792BBA8D0500F549A7 /* MacBookAir15(M3).png in Resources */ = {isa = PBXBuildFile; fileRef = 9CB8224E2BBA8D0500F549A7 /* MacBookAir15(M3).png */; };
		9CB8227A2BBA8D0500F549A7 /* MacBookPro14.png in Resources */ = {isa = PBXBuildFile; fileRef = 9CB8224F2BBA8D0500F549A7 /* MacBookPro14.png */; };
		9CB8227C2BBA8D0500F549A7 /* MacMini.png in Resources */ = {isa = PBXBuildFile; fileRef = 9CB822512BBA8D0500F549A7 /* MacMini.png */; };
		9CB8227E2BBA8D0500F549A7 /* MacStudio.png in Resources */ = {isa = PBXBuildFile; fileRef = 9CB822532BBA8D0500F549A7 /* MacStudio.png */; };
		9CB822802BBA8D0500F549A7 /* StudioDisplay.png in Resources */ = {isa = PBXBuildFile; fileRef = 9CB822552BBA8D0500F549A7 /* StudioDisplay.png */; };
		9CB822812BBA8D0500F549A7 /* iPhone13.png in Resources */ = {isa = PBXBuildFile; fileRef = 9CB822572BBA8D0500F549A7 /* iPhone13.png */; };
		9CB822832BBA8D0500F549A7 /* iPhone14Plus.png in Resources */ = {isa = PBXBuildFile; fileRef = 9CB822592BBA8D0500F549A7 /* iPhone14Plus.png */; };
		9CB822852BBA8D0500F549A7 /* iPhone15Plus.png in Resources */ = {isa = PBXBuildFile; fileRef = 9CB8225B2BBA8D0500F549A7 /* iPhone15Plus.png */; };
		9CB822872BBA8D0500F549A7 /* iPhone15ProMax.png in Resources */ = {isa = PBXBuildFile; fileRef = 9CB8225D2BBA8D0500F549A7 /* iPhone15ProMax.png */; };
		9CB822892BBA8D0500F549A7 /* iPad(9thGeneration).png in Resources */ = {isa = PBXBuildFile; fileRef = 9CB822602BBA8D0500F549A7 /* iPad(9thGeneration).png */; };
		9CB8228A2BBA8D0500F549A7 /* iPad(10thGeneration).png in Resources */ = {isa = PBXBuildFile; fileRef = 9CB822612BBA8D0500F549A7 /* iPad(10thGeneration).png */; };
		9CB8228B2BBA8D0500F549A7 /* iPadAir.png in Resources */ = {isa = PBXBuildFile; fileRef = 9CB822622BBA8D0500F549A7 /* iPadAir.png */; };
		9CB8228C2BBA8D0500F549A7 /* iPadMini.png in Resources */ = {isa = PBXBuildFile; fileRef = 9CB822632BBA8D0500F549A7 /* iPadMini.png */; };
		9CB8228D2BBA8D0500F549A7 /* iPadPro11.png in Resources */ = {isa = PBXBuildFile; fileRef = 9CB822642BBA8D0500F549A7 /* iPadPro11.png */; };
		9CB8228E2BBA8D0500F549A7 /* iPadPro12.9.png in Resources */ = {isa = PBXBuildFile; fileRef = 9CB822652BBA8D0500F549A7 /* iPadPro12.9.png */; };
		9CB822902BBA8D0500F549A7 /* MilaneseLoop.png in Resources */ = {isa = PBXBuildFile; fileRef = 9CB822682BBA8D0500F549A7 /* MilaneseLoop.png */; };
		9CB822942BBA8D0500F549A7 /* MacSafeiPhoneFineWovenWallet.png in Resources */ = {isa = PBXBuildFile; fileRef = 9CB8226C2BBA8D0500F549A7 /* MacSafeiPhoneFineWovenWallet.png */; };
		9CB822952BBA8D0500F549A7 /* MagicMouse.png in Resources */ = {isa = PBXBuildFile; fileRef = 9CB8226D2BBA8D0500F549A7 /* MagicMouse.png */; };
		9CB822962BBA8D0500F549A7 /* MagicTrackpad.png in Resources */ = {isa = PBXBuildFile; fileRef = 9CB8226E2BBA8D0500F549A7 /* MagicTrackpad.png */; };
		9CB822972BBA8D0500F549A7 /* MagSafeiPhone15SiliconeCase.png in Resources */ = {isa = PBXBuildFile; fileRef = 9CB8226F2BBA8D0500F549A7 /* MagSafeiPhone15SiliconeCase.png */; };
		9CB822992BBA8D0500F549A7 /* AppleWatchSE.png in Resources */ = {isa = PBXBuildFile; fileRef = 9CB822722BBA8D0500F549A7 /* AppleWatchSE.png */; };
		9CB8229A2BBA8D0500F549A7 /* AppleWatchSeries9.png in Resources */ = {isa = PBXBuildFile; fileRef = 9CB822732BBA8D0500F549A7 /* AppleWatchSeries9.png */; };
/* End PBXBuildFile section */

/* Begin PBXFileReference section */
		4D196DCF2BBA85E100311CAF /* DataManager.swift */ = {isa = PBXFileReference; lastKnownFileType = sourcecode.swift; path = DataManager.swift; sourceTree = "<group>"; };
		4D196DD52BBA9CCE00311CAF /* ProductCell.swift */ = {isa = PBXFileReference; lastKnownFileType = sourcecode.swift; path = ProductCell.swift; sourceTree = "<group>"; };
		4D89ACE22BBED2420073452E /* CallCenterTableViewCell.swift */ = {isa = PBXFileReference; lastKnownFileType = sourcecode.swift; path = CallCenterTableViewCell.swift; sourceTree = "<group>"; };
		610AE2912BBEB31D00DCD7DE /* PriceCell.swift */ = {isa = PBXFileReference; fileEncoding = 4; lastKnownFileType = sourcecode.swift; path = PriceCell.swift; sourceTree = "<group>"; };
		610AE2922BBEB31D00DCD7DE /* PriceCell.xib */ = {isa = PBXFileReference; fileEncoding = 4; lastKnownFileType = file.xib; path = PriceCell.xib; sourceTree = "<group>"; };
		610AE2972BBEF59700DCD7DE /* HomeItem.swift */ = {isa = PBXFileReference; lastKnownFileType = sourcecode.swift; path = HomeItem.swift; sourceTree = "<group>"; };
		610AE29A2BBEF8B100DCD7DE /* ListManager.swift */ = {isa = PBXFileReference; lastKnownFileType = sourcecode.swift; path = ListManager.swift; sourceTree = "<group>"; };
		61F971DA2BBCD13D00A472C0 /* ModalViewController.swift */ = {isa = PBXFileReference; lastKnownFileType = sourcecode.swift; path = ModalViewController.swift; sourceTree = "<group>"; };
		6B3451172BBF924B00B8CFCA /* 20WUSB-CpowerAdapter.png */ = {isa = PBXFileReference; lastKnownFileType = image.png; path = "20WUSB-CpowerAdapter.png"; sourceTree = "<group>"; };
		6B3451192BBF927B00B8CFCA /* AirTag.png */ = {isa = PBXFileReference; lastKnownFileType = image.png; name = AirTag.png; path = ../../../../../../Downloads/zip_session_90d69cdfed44ce740b6e9a321c1a8742/AirTag.png; sourceTree = "<group>"; };
		6B34511B2BBF929800B8CFCA /* AppleWatchHermes.png */ = {isa = PBXFileReference; lastKnownFileType = image.png; path = AppleWatchHermes.png; sourceTree = "<group>"; };
		6B34511D2BBF92A900B8CFCA /* AppleWatchUltra2.png */ = {isa = PBXFileReference; lastKnownFileType = image.png; path = AppleWatchUltra2.png; sourceTree = "<group>"; };
		6B34511F2BBF92BC00B8CFCA /* iPhone14.png */ = {isa = PBXFileReference; lastKnownFileType = image.png; name = iPhone14.png; path = ../../../../../../Downloads/zip_session_90d69cdfed44ce740b6e9a321c1a8742/iPhone14.png; sourceTree = "<group>"; };
		6B3451212BBF92C800B8CFCA /* iPhone15.png */ = {isa = PBXFileReference; lastKnownFileType = image.png; name = iPhone15.png; path = ../../../../../../Downloads/zip_session_90d69cdfed44ce740b6e9a321c1a8742/iPhone15.png; sourceTree = "<group>"; };
		6B3451232BBF92D600B8CFCA /* iPhone15Pro.png */ = {isa = PBXFileReference; lastKnownFileType = image.png; name = iPhone15Pro.png; path = ../../../../../../Downloads/zip_session_90d69cdfed44ce740b6e9a321c1a8742/iPhone15Pro.png; sourceTree = "<group>"; };
		6B3451252BBF92E500B8CFCA /* iPhoneSE.png */ = {isa = PBXFileReference; lastKnownFileType = image.png; name = iPhoneSE.png; path = ../../../../../../Downloads/zip_session_90d69cdfed44ce740b6e9a321c1a8742/iPhoneSE.png; sourceTree = "<group>"; };
		6B3451272BBF92F100B8CFCA /* Keyboard.png */ = {isa = PBXFileReference; lastKnownFileType = image.png; name = Keyboard.png; path = ../../../../../../Downloads/zip_session_90d69cdfed44ce740b6e9a321c1a8742/Keyboard.png; sourceTree = "<group>"; };
		6B3451292BBF930400B8CFCA /* MacSafeiPhone15ProClearCase.png */ = {isa = PBXFileReference; lastKnownFileType = image.png; name = MacSafeiPhone15ProClearCase.png; path = ../../../../../../Downloads/zip_session_90d69cdfed44ce740b6e9a321c1a8742/MacSafeiPhone15ProClearCase.png; sourceTree = "<group>"; };
		6B34512B2BBF932F00B8CFCA /* MacBookPro16.png */ = {isa = PBXFileReference; lastKnownFileType = image.png; name = MacBookPro16.png; path = ../../../../../../Downloads/11zon_converted/MacBookPro16.png; sourceTree = "<group>"; };
		6B34512D2BBF934500B8CFCA /* MacPro.png */ = {isa = PBXFileReference; lastKnownFileType = image.png; name = MacPro.png; path = ../../../../../../Downloads/11zon_converted/MacPro.png; sourceTree = "<group>"; };
		6B34512F2BBF935A00B8CFCA /* ProDisplayXDR.png */ = {isa = PBXFileReference; lastKnownFileType = image.png; name = ProDisplayXDR.png; path = ../../../../../../Downloads/11zon_converted/ProDisplayXDR.png; sourceTree = "<group>"; };
		9C252D8F2BBA4BF6000AB9DA /* Kiosk.app */ = {isa = PBXFileReference; explicitFileType = wrapper.application; includeInIndex = 0; path = Kiosk.app; sourceTree = BUILT_PRODUCTS_DIR; };
		9C252D922BBA4BF6000AB9DA /* AppDelegate.swift */ = {isa = PBXFileReference; lastKnownFileType = sourcecode.swift; path = AppDelegate.swift; sourceTree = "<group>"; };
		9C252D942BBA4BF6000AB9DA /* SceneDelegate.swift */ = {isa = PBXFileReference; lastKnownFileType = sourcecode.swift; path = SceneDelegate.swift; sourceTree = "<group>"; };
		9C252D962BBA4BF6000AB9DA /* ViewController.swift */ = {isa = PBXFileReference; lastKnownFileType = sourcecode.swift; path = ViewController.swift; sourceTree = "<group>"; };
		9C252D992BBA4BF6000AB9DA /* Base */ = {isa = PBXFileReference; lastKnownFileType = file.storyboard; name = Base; path = Base.lproj/Main.storyboard; sourceTree = "<group>"; };
		9C252D9C2BBA4BF6000AB9DA /* Kiosk.xcdatamodel */ = {isa = PBXFileReference; lastKnownFileType = wrapper.xcdatamodel; path = Kiosk.xcdatamodel; sourceTree = "<group>"; };
		9C252D9E2BBA4BF7000AB9DA /* Assets.xcassets */ = {isa = PBXFileReference; lastKnownFileType = folder.assetcatalog; path = Assets.xcassets; sourceTree = "<group>"; };
		9C252DA12BBA4BF7000AB9DA /* Base */ = {isa = PBXFileReference; lastKnownFileType = file.storyboard; name = Base; path = Base.lproj/LaunchScreen.storyboard; sourceTree = "<group>"; };
		9C252DA32BBA4BF7000AB9DA /* Info.plist */ = {isa = PBXFileReference; lastKnownFileType = text.plist.xml; path = Info.plist; sourceTree = "<group>"; };
		9C8558262BBC607E00375397 /* AppleProduct.swift */ = {isa = PBXFileReference; lastKnownFileType = sourcecode.swift; path = AppleProduct.swift; sourceTree = "<group>"; };
		9C85582C2BBC63C700375397 /* Constants.swift */ = {isa = PBXFileReference; lastKnownFileType = sourcecode.swift; name = Constants.swift; path = Model/Constants.swift; sourceTree = "<group>"; };
		9C99BAFC2BBE38A500D3BC06 /* MyPageViewController.swift */ = {isa = PBXFileReference; lastKnownFileType = sourcecode.swift; path = MyPageViewController.swift; sourceTree = "<group>"; };
		9C99BAFE2BBE38E500D3BC06 /* CallCenterViewController.swift */ = {isa = PBXFileReference; lastKnownFileType = sourcecode.swift; path = CallCenterViewController.swift; sourceTree = "<group>"; };
		9C99BB002BBEA50A00D3BC06 /* HeaderCollectionReusableView.swift */ = {isa = PBXFileReference; fileEncoding = 4; lastKnownFileType = sourcecode.swift; path = HeaderCollectionReusableView.swift; sourceTree = "<group>"; };
		9C99BB012BBEA50A00D3BC06 /* HomeCollectionViewCell.swift */ = {isa = PBXFileReference; fileEncoding = 4; lastKnownFileType = sourcecode.swift; path = HomeCollectionViewCell.swift; sourceTree = "<group>"; };
		9C99BB042BBEA51D00D3BC06 /* HomeViewController.swift */ = {isa = PBXFileReference; fileEncoding = 4; lastKnownFileType = sourcecode.swift; path = HomeViewController.swift; sourceTree = "<group>"; };
		9CB8224B2BBA8D0500F549A7 /* iMac.png */ = {isa = PBXFileReference; lastKnownFileType = image.png; path = iMac.png; sourceTree = "<group>"; };
		9CB8224C2BBA8D0500F549A7 /* MacBookAir13(M2).png */ = {isa = PBXFileReference; lastKnownFileType = image.png; path = "MacBookAir13(M2).png"; sourceTree = "<group>"; };
		9CB8224D2BBA8D0500F549A7 /* MacBookAir13(M3).png */ = {isa = PBXFileReference; lastKnownFileType = image.png; path = "MacBookAir13(M3).png"; sourceTree = "<group>"; };
		9CB8224E2BBA8D0500F549A7 /* MacBookAir15(M3).png */ = {isa = PBXFileReference; lastKnownFileType = image.png; path = "MacBookAir15(M3).png"; sourceTree = "<group>"; };
		9CB8224F2BBA8D0500F549A7 /* MacBookPro14.png */ = {isa = PBXFileReference; lastKnownFileType = image.png; path = MacBookPro14.png; sourceTree = "<group>"; };
		9CB822512BBA8D0500F549A7 /* MacMini.png */ = {isa = PBXFileReference; lastKnownFileType = image.png; path = MacMini.png; sourceTree = "<group>"; };
		9CB822532BBA8D0500F549A7 /* MacStudio.png */ = {isa = PBXFileReference; lastKnownFileType = image.png; path = MacStudio.png; sourceTree = "<group>"; };
		9CB822552BBA8D0500F549A7 /* StudioDisplay.png */ = {isa = PBXFileReference; lastKnownFileType = image.png; path = StudioDisplay.png; sourceTree = "<group>"; };
		9CB822572BBA8D0500F549A7 /* iPhone13.png */ = {isa = PBXFileReference; lastKnownFileType = image.png; path = iPhone13.png; sourceTree = "<group>"; };
		9CB822592BBA8D0500F549A7 /* iPhone14Plus.png */ = {isa = PBXFileReference; lastKnownFileType = image.png; path = iPhone14Plus.png; sourceTree = "<group>"; };
		9CB8225B2BBA8D0500F549A7 /* iPhone15Plus.png */ = {isa = PBXFileReference; lastKnownFileType = image.png; path = iPhone15Plus.png; sourceTree = "<group>"; };
		9CB8225D2BBA8D0500F549A7 /* iPhone15ProMax.png */ = {isa = PBXFileReference; lastKnownFileType = image.png; path = iPhone15ProMax.png; sourceTree = "<group>"; };
		9CB822602BBA8D0500F549A7 /* iPad(9thGeneration).png */ = {isa = PBXFileReference; lastKnownFileType = image.png; path = "iPad(9thGeneration).png"; sourceTree = "<group>"; };
		9CB822612BBA8D0500F549A7 /* iPad(10thGeneration).png */ = {isa = PBXFileReference; lastKnownFileType = image.png; path = "iPad(10thGeneration).png"; sourceTree = "<group>"; };
		9CB822622BBA8D0500F549A7 /* iPadAir.png */ = {isa = PBXFileReference; lastKnownFileType = image.png; path = iPadAir.png; sourceTree = "<group>"; };
		9CB822632BBA8D0500F549A7 /* iPadMini.png */ = {isa = PBXFileReference; lastKnownFileType = image.png; path = iPadMini.png; sourceTree = "<group>"; };
		9CB822642BBA8D0500F549A7 /* iPadPro11.png */ = {isa = PBXFileReference; lastKnownFileType = image.png; path = iPadPro11.png; sourceTree = "<group>"; };
		9CB822652BBA8D0500F549A7 /* iPadPro12.9.png */ = {isa = PBXFileReference; lastKnownFileType = image.png; path = iPadPro12.9.png; sourceTree = "<group>"; };
		9CB822682BBA8D0500F549A7 /* MilaneseLoop.png */ = {isa = PBXFileReference; lastKnownFileType = image.png; path = MilaneseLoop.png; sourceTree = "<group>"; };
		9CB8226C2BBA8D0500F549A7 /* MacSafeiPhoneFineWovenWallet.png */ = {isa = PBXFileReference; lastKnownFileType = image.png; path = MacSafeiPhoneFineWovenWallet.png; sourceTree = "<group>"; };
		9CB8226D2BBA8D0500F549A7 /* MagicMouse.png */ = {isa = PBXFileReference; lastKnownFileType = image.png; path = MagicMouse.png; sourceTree = "<group>"; };
		9CB8226E2BBA8D0500F549A7 /* MagicTrackpad.png */ = {isa = PBXFileReference; lastKnownFileType = image.png; path = MagicTrackpad.png; sourceTree = "<group>"; };
		9CB8226F2BBA8D0500F549A7 /* MagSafeiPhone15SiliconeCase.png */ = {isa = PBXFileReference; lastKnownFileType = image.png; path = MagSafeiPhone15SiliconeCase.png; sourceTree = "<group>"; };
		9CB822722BBA8D0500F549A7 /* AppleWatchSE.png */ = {isa = PBXFileReference; lastKnownFileType = image.png; path = AppleWatchSE.png; sourceTree = "<group>"; };
		9CB822732BBA8D0500F549A7 /* AppleWatchSeries9.png */ = {isa = PBXFileReference; lastKnownFileType = image.png; path = AppleWatchSeries9.png; sourceTree = "<group>"; };
/* End PBXFileReference section */

/* Begin PBXFrameworksBuildPhase section */
		9C252D8C2BBA4BF6000AB9DA /* Frameworks */ = {
			isa = PBXFrameworksBuildPhase;
			buildActionMask = 2147483647;
			files = (
			);
			runOnlyForDeploymentPostprocessing = 0;
		};
/* End PBXFrameworksBuildPhase section */

/* Begin PBXGroup section */
		4D196DC82BBA835900311CAF /* Model */ = {
			isa = PBXGroup;
			children = (
				9C8558262BBC607E00375397 /* AppleProduct.swift */,
				4D196DCF2BBA85E100311CAF /* DataManager.swift */,
				610AE2972BBEF59700DCD7DE /* HomeItem.swift */,
				610AE29A2BBEF8B100DCD7DE /* ListManager.swift */,
			);
			path = Model;
			sourceTree = "<group>";
		};
		4D196DC92BBA836200311CAF /* View */ = {
			isa = PBXGroup;
			children = (
				610AE2912BBEB31D00DCD7DE /* PriceCell.swift */,
				610AE2922BBEB31D00DCD7DE /* PriceCell.xib */,
				4D196DD52BBA9CCE00311CAF /* ProductCell.swift */,
				9C252D982BBA4BF6000AB9DA /* Main.storyboard */,
				9C99BB002BBEA50A00D3BC06 /* HeaderCollectionReusableView.swift */,
				9C99BB012BBEA50A00D3BC06 /* HomeCollectionViewCell.swift */,
				4D89ACE22BBED2420073452E /* CallCenterTableViewCell.swift */,
			);
			path = View;
			sourceTree = "<group>";
		};
		4D196DCA2BBA836800311CAF /* Controller */ = {
			isa = PBXGroup;
			children = (
				9C252D962BBA4BF6000AB9DA /* ViewController.swift */,
				61F971DA2BBCD13D00A472C0 /* ModalViewController.swift */,
				9C99BB042BBEA51D00D3BC06 /* HomeViewController.swift */,
				9C99BAFC2BBE38A500D3BC06 /* MyPageViewController.swift */,
				9C99BAFE2BBE38E500D3BC06 /* CallCenterViewController.swift */,
			);
			path = Controller;
			sourceTree = "<group>";
		};
		9C252D862BBA4BF6000AB9DA = {
			isa = PBXGroup;
			children = (
				9C252D912BBA4BF6000AB9DA /* Kiosk */,
				9C252D902BBA4BF6000AB9DA /* Products */,
			);
			sourceTree = "<group>";
		};
		9C252D902BBA4BF6000AB9DA /* Products */ = {
			isa = PBXGroup;
			children = (
				9C252D8F2BBA4BF6000AB9DA /* Kiosk.app */,
			);
			name = Products;
			sourceTree = "<group>";
		};
		9C252D912BBA4BF6000AB9DA /* Kiosk */ = {
			isa = PBXGroup;
			children = (
				9CB8224A2BBA8CF700F549A7 /* AppleImage */,
				9C252D922BBA4BF6000AB9DA /* AppDelegate.swift */,
				9C252D942BBA4BF6000AB9DA /* SceneDelegate.swift */,
				4D196DC82BBA835900311CAF /* Model */,
				4D196DC92BBA836200311CAF /* View */,
				4D196DCA2BBA836800311CAF /* Controller */,
				9C252D9E2BBA4BF7000AB9DA /* Assets.xcassets */,
				9C85582C2BBC63C700375397 /* Constants.swift */,
				9C252DA02BBA4BF7000AB9DA /* LaunchScreen.storyboard */,
				9C252DA32BBA4BF7000AB9DA /* Info.plist */,
				9C252D9B2BBA4BF6000AB9DA /* Kiosk.xcdatamodeld */,
			);
			path = Kiosk;
			sourceTree = "<group>";
		};
		9CB8224A2BBA8CF700F549A7 /* AppleImage */ = {
			isa = PBXGroup;
			children = (
				9CB822702BBA8D0500F549A7 /* etc */,
				9CB822662BBA8D0500F549A7 /* iPad */,
				9CB8225F2BBA8D0500F549A7 /* iPhone */,
				9CB822562BBA8D0500F549A7 /* Mac */,
				9CB822752BBA8D0500F549A7 /* Watch */,
			);
			path = AppleImage;
			sourceTree = "<group>";
		};
		9CB822562BBA8D0500F549A7 /* Mac */ = {
			isa = PBXGroup;
			children = (
				9CB8224B2BBA8D0500F549A7 /* iMac.png */,
				9CB8224C2BBA8D0500F549A7 /* MacBookAir13(M2).png */,
				9CB8224D2BBA8D0500F549A7 /* MacBookAir13(M3).png */,
				9CB8224E2BBA8D0500F549A7 /* MacBookAir15(M3).png */,
				9CB8224F2BBA8D0500F549A7 /* MacBookPro14.png */,
				6B34512B2BBF932F00B8CFCA /* MacBookPro16.png */,
				9CB822512BBA8D0500F549A7 /* MacMini.png */,
				6B34512D2BBF934500B8CFCA /* MacPro.png */,
				9CB822532BBA8D0500F549A7 /* MacStudio.png */,
				6B34512F2BBF935A00B8CFCA /* ProDisplayXDR.png */,
				9CB822552BBA8D0500F549A7 /* StudioDisplay.png */,
			);
			path = Mac;
			sourceTree = "<group>";
		};
		9CB8225F2BBA8D0500F549A7 /* iPhone */ = {
			isa = PBXGroup;
			children = (
				9CB822572BBA8D0500F549A7 /* iPhone13.png */,
				6B34511F2BBF92BC00B8CFCA /* iPhone14.png */,
				9CB822592BBA8D0500F549A7 /* iPhone14Plus.png */,
				6B3451212BBF92C800B8CFCA /* iPhone15.png */,
				6B3451232BBF92D600B8CFCA /* iPhone15Pro.png */,
				9CB8225B2BBA8D0500F549A7 /* iPhone15Plus.png */,
				9CB8225D2BBA8D0500F549A7 /* iPhone15ProMax.png */,
				6B3451252BBF92E500B8CFCA /* iPhoneSE.png */,
			);
			path = iPhone;
			sourceTree = "<group>";
		};
		9CB822662BBA8D0500F549A7 /* iPad */ = {
			isa = PBXGroup;
			children = (
				9CB822602BBA8D0500F549A7 /* iPad(9thGeneration).png */,
				9CB822612BBA8D0500F549A7 /* iPad(10thGeneration).png */,
				9CB822622BBA8D0500F549A7 /* iPadAir.png */,
				9CB822632BBA8D0500F549A7 /* iPadMini.png */,
				9CB822642BBA8D0500F549A7 /* iPadPro11.png */,
				9CB822652BBA8D0500F549A7 /* iPadPro12.9.png */,
			);
			path = iPad;
			sourceTree = "<group>";
		};
		9CB822702BBA8D0500F549A7 /* etc */ = {
			isa = PBXGroup;
			children = (
				6B3451172BBF924B00B8CFCA /* 20WUSB-CpowerAdapter.png */,
				9CB822682BBA8D0500F549A7 /* MilaneseLoop.png */,
				6B3451192BBF927B00B8CFCA /* AirTag.png */,
				9CB8226C2BBA8D0500F549A7 /* MacSafeiPhoneFineWovenWallet.png */,
				6B3451272BBF92F100B8CFCA /* Keyboard.png */,
				9CB8226D2BBA8D0500F549A7 /* MagicMouse.png */,
				9CB8226E2BBA8D0500F549A7 /* MagicTrackpad.png */,
				6B3451292BBF930400B8CFCA /* MacSafeiPhone15ProClearCase.png */,
				9CB8226F2BBA8D0500F549A7 /* MagSafeiPhone15SiliconeCase.png */,
			);
			path = etc;
			sourceTree = "<group>";
		};
		9CB822752BBA8D0500F549A7 /* Watch */ = {
			isa = PBXGroup;
			children = (
				6B34511B2BBF929800B8CFCA /* AppleWatchHermes.png */,
				9CB822722BBA8D0500F549A7 /* AppleWatchSE.png */,
				9CB822732BBA8D0500F549A7 /* AppleWatchSeries9.png */,
				6B34511D2BBF92A900B8CFCA /* AppleWatchUltra2.png */,
			);
			path = Watch;
			sourceTree = "<group>";
		};
/* End PBXGroup section */

/* Begin PBXNativeTarget section */
		9C252D8E2BBA4BF6000AB9DA /* Kiosk */ = {
			isa = PBXNativeTarget;
			buildConfigurationList = 9C252DA62BBA4BF7000AB9DA /* Build configuration list for PBXNativeTarget "Kiosk" */;
			buildPhases = (
				9C252D8B2BBA4BF6000AB9DA /* Sources */,
				9C252D8C2BBA4BF6000AB9DA /* Frameworks */,
				9C252D8D2BBA4BF6000AB9DA /* Resources */,
			);
			buildRules = (
			);
			dependencies = (
			);
			name = Kiosk;
			productName = Kiosk;
			productReference = 9C252D8F2BBA4BF6000AB9DA /* Kiosk.app */;
			productType = "com.apple.product-type.application";
		};
/* End PBXNativeTarget section */

/* Begin PBXProject section */
		9C252D872BBA4BF6000AB9DA /* Project object */ = {
			isa = PBXProject;
			attributes = {
				BuildIndependentTargetsInParallel = 1;
				LastSwiftUpdateCheck = 1530;
				LastUpgradeCheck = 1530;
				TargetAttributes = {
					9C252D8E2BBA4BF6000AB9DA = {
						CreatedOnToolsVersion = 15.3;
					};
				};
			};
			buildConfigurationList = 9C252D8A2BBA4BF6000AB9DA /* Build configuration list for PBXProject "Kiosk" */;
			compatibilityVersion = "Xcode 14.0";
			developmentRegion = en;
			hasScannedForEncodings = 0;
			knownRegions = (
				en,
				Base,
			);
			mainGroup = 9C252D862BBA4BF6000AB9DA;
			productRefGroup = 9C252D902BBA4BF6000AB9DA /* Products */;
			projectDirPath = "";
			projectRoot = "";
			targets = (
				9C252D8E2BBA4BF6000AB9DA /* Kiosk */,
			);
		};
/* End PBXProject section */

/* Begin PBXResourcesBuildPhase section */
		9C252D8D2BBA4BF6000AB9DA /* Resources */ = {
			isa = PBXResourcesBuildPhase;
			buildActionMask = 2147483647;
			files = (
				9CB822772BBA8D0500F549A7 /* MacBookAir13(M2).png in Resources */,
				6B34511A2BBF927B00B8CFCA /* AirTag.png in Resources */,
				6B3451222BBF92C800B8CFCA /* iPhone15.png in Resources */,
				9CB822992BBA8D0500F549A7 /* AppleWatchSE.png in Resources */,
				9C252D9F2BBA4BF7000AB9DA /* Assets.xcassets in Resources */,
				9CB8228B2BBA8D0500F549A7 /* iPadAir.png in Resources */,
				6B34511C2BBF929800B8CFCA /* AppleWatchHermes.png in Resources */,
				610AE2942BBEB31D00DCD7DE /* PriceCell.xib in Resources */,
				9CB822832BBA8D0500F549A7 /* iPhone14Plus.png in Resources */,
				9CB8228E2BBA8D0500F549A7 /* iPadPro12.9.png in Resources */,
				9CB822802BBA8D0500F549A7 /* StudioDisplay.png in Resources */,
				9CB822782BBA8D0500F549A7 /* MacBookAir13(M3).png in Resources */,
				6B3451262BBF92E500B8CFCA /* iPhoneSE.png in Resources */,
				9CB822962BBA8D0500F549A7 /* MagicTrackpad.png in Resources */,
				9CB8229A2BBA8D0500F549A7 /* AppleWatchSeries9.png in Resources */,
				6B3451302BBF935A00B8CFCA /* ProDisplayXDR.png in Resources */,
				6B3451182BBF924B00B8CFCA /* 20WUSB-CpowerAdapter.png in Resources */,
				9CB822902BBA8D0500F549A7 /* MilaneseLoop.png in Resources */,
				9CB822762BBA8D0500F549A7 /* iMac.png in Resources */,
				6B34512C2BBF932F00B8CFCA /* MacBookPro16.png in Resources */,
				9CB822972BBA8D0500F549A7 /* MagSafeiPhone15SiliconeCase.png in Resources */,
				9CB822792BBA8D0500F549A7 /* MacBookAir15(M3).png in Resources */,
				9CB8228C2BBA8D0500F549A7 /* iPadMini.png in Resources */,
				9CB8228D2BBA8D0500F549A7 /* iPadPro11.png in Resources */,
				9CB822952BBA8D0500F549A7 /* MagicMouse.png in Resources */,
				9CB8227A2BBA8D0500F549A7 /* MacBookPro14.png in Resources */,
				6B34511E2BBF92A900B8CFCA /* AppleWatchUltra2.png in Resources */,
				9CB822852BBA8D0500F549A7 /* iPhone15Plus.png in Resources */,
				6B34512A2BBF930400B8CFCA /* MacSafeiPhone15ProClearCase.png in Resources */,
				9CB822872BBA8D0500F549A7 /* iPhone15ProMax.png in Resources */,
				6B3451242BBF92D600B8CFCA /* iPhone15Pro.png in Resources */,
				9C252DA22BBA4BF7000AB9DA /* Base in Resources */,
				9CB822812BBA8D0500F549A7 /* iPhone13.png in Resources */,
				9CB822942BBA8D0500F549A7 /* MacSafeiPhoneFineWovenWallet.png in Resources */,
				9CB8227E2BBA8D0500F549A7 /* MacStudio.png in Resources */,
				9CB8227C2BBA8D0500F549A7 /* MacMini.png in Resources */,
				9C252D9A2BBA4BF6000AB9DA /* Base in Resources */,
				6B34512E2BBF934500B8CFCA /* MacPro.png in Resources */,
				6B3451282BBF92F100B8CFCA /* Keyboard.png in Resources */,
				9CB822892BBA8D0500F549A7 /* iPad(9thGeneration).png in Resources */,
				9CB8228A2BBA8D0500F549A7 /* iPad(10thGeneration).png in Resources */,
				6B3451202BBF92BC00B8CFCA /* iPhone14.png in Resources */,
			);
			runOnlyForDeploymentPostprocessing = 0;
		};
/* End PBXResourcesBuildPhase section */

/* Begin PBXSourcesBuildPhase section */
		9C252D8B2BBA4BF6000AB9DA /* Sources */ = {
			isa = PBXSourcesBuildPhase;
			buildActionMask = 2147483647;
			files = (
				9C99BB022BBEA50A00D3BC06 /* HeaderCollectionReusableView.swift in Sources */,
				610AE2982BBEF59700DCD7DE /* HomeItem.swift in Sources */,
				9C252D972BBA4BF6000AB9DA /* ViewController.swift in Sources */,
				4D196DD02BBA85E100311CAF /* DataManager.swift in Sources */,
				9C8558272BBC607E00375397 /* AppleProduct.swift in Sources */,
				9C99BB032BBEA50A00D3BC06 /* HomeCollectionViewCell.swift in Sources */,
				610AE29B2BBEF8B100DCD7DE /* ListManager.swift in Sources */,
				9C99BAFF2BBE38E500D3BC06 /* CallCenterViewController.swift in Sources */,
				9C252D932BBA4BF6000AB9DA /* AppDelegate.swift in Sources */,
				4D89ACE32BBED2420073452E /* CallCenterTableViewCell.swift in Sources */,
				9C252D952BBA4BF6000AB9DA /* SceneDelegate.swift in Sources */,
				61F971DB2BBCD13D00A472C0 /* ModalViewController.swift in Sources */,
				9C99BB052BBEA51D00D3BC06 /* HomeViewController.swift in Sources */,
				9C99BAFD2BBE38A500D3BC06 /* MyPageViewController.swift in Sources */,
				4D196DD62BBA9CCE00311CAF /* ProductCell.swift in Sources */,
				9C252D9D2BBA4BF6000AB9DA /* Kiosk.xcdatamodeld in Sources */,
				610AE2932BBEB31D00DCD7DE /* PriceCell.swift in Sources */,
				9C85582D2BBC63C700375397 /* Constants.swift in Sources */,
			);
			runOnlyForDeploymentPostprocessing = 0;
		};
/* End PBXSourcesBuildPhase section */

/* Begin PBXVariantGroup section */
		9C252D982BBA4BF6000AB9DA /* Main.storyboard */ = {
			isa = PBXVariantGroup;
			children = (
				9C252D992BBA4BF6000AB9DA /* Base */,
			);
			name = Main.storyboard;
			sourceTree = "<group>";
		};
		9C252DA02BBA4BF7000AB9DA /* LaunchScreen.storyboard */ = {
			isa = PBXVariantGroup;
			children = (
				9C252DA12BBA4BF7000AB9DA /* Base */,
			);
			name = LaunchScreen.storyboard;
			sourceTree = "<group>";
		};
/* End PBXVariantGroup section */

/* Begin XCBuildConfiguration section */
		9C252DA42BBA4BF7000AB9DA /* Debug */ = {
			isa = XCBuildConfiguration;
			buildSettings = {
				ALWAYS_SEARCH_USER_PATHS = NO;
				ASSETCATALOG_COMPILER_GENERATE_SWIFT_ASSET_SYMBOL_EXTENSIONS = YES;
				CLANG_ANALYZER_NONNULL = YES;
				CLANG_ANALYZER_NUMBER_OBJECT_CONVERSION = YES_AGGRESSIVE;
				CLANG_CXX_LANGUAGE_STANDARD = "gnu++20";
				CLANG_ENABLE_MODULES = YES;
				CLANG_ENABLE_OBJC_ARC = YES;
				CLANG_ENABLE_OBJC_WEAK = YES;
				CLANG_WARN_BLOCK_CAPTURE_AUTORELEASING = YES;
				CLANG_WARN_BOOL_CONVERSION = YES;
				CLANG_WARN_COMMA = YES;
				CLANG_WARN_CONSTANT_CONVERSION = YES;
				CLANG_WARN_DEPRECATED_OBJC_IMPLEMENTATIONS = YES;
				CLANG_WARN_DIRECT_OBJC_ISA_USAGE = YES_ERROR;
				CLANG_WARN_DOCUMENTATION_COMMENTS = YES;
				CLANG_WARN_EMPTY_BODY = YES;
				CLANG_WARN_ENUM_CONVERSION = YES;
				CLANG_WARN_INFINITE_RECURSION = YES;
				CLANG_WARN_INT_CONVERSION = YES;
				CLANG_WARN_NON_LITERAL_NULL_CONVERSION = YES;
				CLANG_WARN_OBJC_IMPLICIT_RETAIN_SELF = YES;
				CLANG_WARN_OBJC_LITERAL_CONVERSION = YES;
				CLANG_WARN_OBJC_ROOT_CLASS = YES_ERROR;
				CLANG_WARN_QUOTED_INCLUDE_IN_FRAMEWORK_HEADER = YES;
				CLANG_WARN_RANGE_LOOP_ANALYSIS = YES;
				CLANG_WARN_STRICT_PROTOTYPES = YES;
				CLANG_WARN_SUSPICIOUS_MOVE = YES;
				CLANG_WARN_UNGUARDED_AVAILABILITY = YES_AGGRESSIVE;
				CLANG_WARN_UNREACHABLE_CODE = YES;
				CLANG_WARN__DUPLICATE_METHOD_MATCH = YES;
				COPY_PHASE_STRIP = NO;
				DEBUG_INFORMATION_FORMAT = dwarf;
				ENABLE_STRICT_OBJC_MSGSEND = YES;
				ENABLE_TESTABILITY = YES;
				ENABLE_USER_SCRIPT_SANDBOXING = YES;
				GCC_C_LANGUAGE_STANDARD = gnu17;
				GCC_DYNAMIC_NO_PIC = NO;
				GCC_NO_COMMON_BLOCKS = YES;
				GCC_OPTIMIZATION_LEVEL = 0;
				GCC_PREPROCESSOR_DEFINITIONS = (
					"DEBUG=1",
					"$(inherited)",
				);
				GCC_WARN_64_TO_32_BIT_CONVERSION = YES;
				GCC_WARN_ABOUT_RETURN_TYPE = YES_ERROR;
				GCC_WARN_UNDECLARED_SELECTOR = YES;
				GCC_WARN_UNINITIALIZED_AUTOS = YES_AGGRESSIVE;
				GCC_WARN_UNUSED_FUNCTION = YES;
				GCC_WARN_UNUSED_VARIABLE = YES;
				IPHONEOS_DEPLOYMENT_TARGET = 17.4;
				LOCALIZATION_PREFERS_STRING_CATALOGS = YES;
				MTL_ENABLE_DEBUG_INFO = INCLUDE_SOURCE;
				MTL_FAST_MATH = YES;
				ONLY_ACTIVE_ARCH = YES;
				SDKROOT = iphoneos;
				SWIFT_ACTIVE_COMPILATION_CONDITIONS = "DEBUG $(inherited)";
				SWIFT_OPTIMIZATION_LEVEL = "-Onone";
			};
			name = Debug;
		};
		9C252DA52BBA4BF7000AB9DA /* Release */ = {
			isa = XCBuildConfiguration;
			buildSettings = {
				ALWAYS_SEARCH_USER_PATHS = NO;
				ASSETCATALOG_COMPILER_GENERATE_SWIFT_ASSET_SYMBOL_EXTENSIONS = YES;
				CLANG_ANALYZER_NONNULL = YES;
				CLANG_ANALYZER_NUMBER_OBJECT_CONVERSION = YES_AGGRESSIVE;
				CLANG_CXX_LANGUAGE_STANDARD = "gnu++20";
				CLANG_ENABLE_MODULES = YES;
				CLANG_ENABLE_OBJC_ARC = YES;
				CLANG_ENABLE_OBJC_WEAK = YES;
				CLANG_WARN_BLOCK_CAPTURE_AUTORELEASING = YES;
				CLANG_WARN_BOOL_CONVERSION = YES;
				CLANG_WARN_COMMA = YES;
				CLANG_WARN_CONSTANT_CONVERSION = YES;
				CLANG_WARN_DEPRECATED_OBJC_IMPLEMENTATIONS = YES;
				CLANG_WARN_DIRECT_OBJC_ISA_USAGE = YES_ERROR;
				CLANG_WARN_DOCUMENTATION_COMMENTS = YES;
				CLANG_WARN_EMPTY_BODY = YES;
				CLANG_WARN_ENUM_CONVERSION = YES;
				CLANG_WARN_INFINITE_RECURSION = YES;
				CLANG_WARN_INT_CONVERSION = YES;
				CLANG_WARN_NON_LITERAL_NULL_CONVERSION = YES;
				CLANG_WARN_OBJC_IMPLICIT_RETAIN_SELF = YES;
				CLANG_WARN_OBJC_LITERAL_CONVERSION = YES;
				CLANG_WARN_OBJC_ROOT_CLASS = YES_ERROR;
				CLANG_WARN_QUOTED_INCLUDE_IN_FRAMEWORK_HEADER = YES;
				CLANG_WARN_RANGE_LOOP_ANALYSIS = YES;
				CLANG_WARN_STRICT_PROTOTYPES = YES;
				CLANG_WARN_SUSPICIOUS_MOVE = YES;
				CLANG_WARN_UNGUARDED_AVAILABILITY = YES_AGGRESSIVE;
				CLANG_WARN_UNREACHABLE_CODE = YES;
				CLANG_WARN__DUPLICATE_METHOD_MATCH = YES;
				COPY_PHASE_STRIP = NO;
				DEBUG_INFORMATION_FORMAT = "dwarf-with-dsym";
				ENABLE_NS_ASSERTIONS = NO;
				ENABLE_STRICT_OBJC_MSGSEND = YES;
				ENABLE_USER_SCRIPT_SANDBOXING = YES;
				GCC_C_LANGUAGE_STANDARD = gnu17;
				GCC_NO_COMMON_BLOCKS = YES;
				GCC_WARN_64_TO_32_BIT_CONVERSION = YES;
				GCC_WARN_ABOUT_RETURN_TYPE = YES_ERROR;
				GCC_WARN_UNDECLARED_SELECTOR = YES;
				GCC_WARN_UNINITIALIZED_AUTOS = YES_AGGRESSIVE;
				GCC_WARN_UNUSED_FUNCTION = YES;
				GCC_WARN_UNUSED_VARIABLE = YES;
				IPHONEOS_DEPLOYMENT_TARGET = 17.4;
				LOCALIZATION_PREFERS_STRING_CATALOGS = YES;
				MTL_ENABLE_DEBUG_INFO = NO;
				MTL_FAST_MATH = YES;
				SDKROOT = iphoneos;
				SWIFT_COMPILATION_MODE = wholemodule;
				VALIDATE_PRODUCT = YES;
			};
			name = Release;
		};
		9C252DA72BBA4BF7000AB9DA /* Debug */ = {
			isa = XCBuildConfiguration;
			buildSettings = {
				ASSETCATALOG_COMPILER_APPICON_NAME = AppIcon;
				ASSETCATALOG_COMPILER_GLOBAL_ACCENT_COLOR_NAME = AccentColor;
				CODE_SIGN_STYLE = Automatic;
				CURRENT_PROJECT_VERSION = 1;
				GENERATE_INFOPLIST_FILE = YES;
				INFOPLIST_FILE = Kiosk/Info.plist;
				INFOPLIST_KEY_UIApplicationSupportsIndirectInputEvents = YES;
				INFOPLIST_KEY_UILaunchStoryboardName = LaunchScreen;
				INFOPLIST_KEY_UIMainStoryboardFile = Main;
				INFOPLIST_KEY_UISupportedInterfaceOrientations = UIInterfaceOrientationPortrait;
				INFOPLIST_KEY_UISupportedInterfaceOrientations_iPad = "UIInterfaceOrientationLandscapeLeft UIInterfaceOrientationLandscapeRight UIInterfaceOrientationPortrait UIInterfaceOrientationPortraitUpsideDown";
				IPHONEOS_DEPLOYMENT_TARGET = 15.0;
				LD_RUNPATH_SEARCH_PATHS = (
					"$(inherited)",
					"@executable_path/Frameworks",
				);
				MARKETING_VERSION = 1.0;
				PRODUCT_BUNDLE_IDENTIFIER = com.imhs.Kiosk;
				PRODUCT_NAME = "$(TARGET_NAME)";
				SUPPORTED_PLATFORMS = "iphoneos iphonesimulator";
				SUPPORTS_MACCATALYST = NO;
				SUPPORTS_MAC_DESIGNED_FOR_IPHONE_IPAD = NO;
				SUPPORTS_XR_DESIGNED_FOR_IPHONE_IPAD = NO;
				SWIFT_EMIT_LOC_STRINGS = YES;
				SWIFT_VERSION = 5.0;
				TARGETED_DEVICE_FAMILY = 1;
			};
			name = Debug;
		};
		9C252DA82BBA4BF7000AB9DA /* Release */ = {
			isa = XCBuildConfiguration;
			buildSettings = {
				ASSETCATALOG_COMPILER_APPICON_NAME = AppIcon;
				ASSETCATALOG_COMPILER_GLOBAL_ACCENT_COLOR_NAME = AccentColor;
				CODE_SIGN_STYLE = Automatic;
				CURRENT_PROJECT_VERSION = 1;
				GENERATE_INFOPLIST_FILE = YES;
				INFOPLIST_FILE = Kiosk/Info.plist;
				INFOPLIST_KEY_UIApplicationSupportsIndirectInputEvents = YES;
				INFOPLIST_KEY_UILaunchStoryboardName = LaunchScreen;
				INFOPLIST_KEY_UIMainStoryboardFile = Main;
				INFOPLIST_KEY_UISupportedInterfaceOrientations = UIInterfaceOrientationPortrait;
				INFOPLIST_KEY_UISupportedInterfaceOrientations_iPad = "UIInterfaceOrientationLandscapeLeft UIInterfaceOrientationLandscapeRight UIInterfaceOrientationPortrait UIInterfaceOrientationPortraitUpsideDown";
				IPHONEOS_DEPLOYMENT_TARGET = 15.0;
				LD_RUNPATH_SEARCH_PATHS = (
					"$(inherited)",
					"@executable_path/Frameworks",
				);
				MARKETING_VERSION = 1.0;
				PRODUCT_BUNDLE_IDENTIFIER = com.imhs.Kiosk;
				PRODUCT_NAME = "$(TARGET_NAME)";
				SUPPORTED_PLATFORMS = "iphoneos iphonesimulator";
				SUPPORTS_MACCATALYST = NO;
				SUPPORTS_MAC_DESIGNED_FOR_IPHONE_IPAD = NO;
				SUPPORTS_XR_DESIGNED_FOR_IPHONE_IPAD = NO;
				SWIFT_EMIT_LOC_STRINGS = YES;
				SWIFT_VERSION = 5.0;
				TARGETED_DEVICE_FAMILY = 1;
			};
			name = Release;
		};
/* End XCBuildConfiguration section */

/* Begin XCConfigurationList section */
		9C252D8A2BBA4BF6000AB9DA /* Build configuration list for PBXProject "Kiosk" */ = {
			isa = XCConfigurationList;
			buildConfigurations = (
				9C252DA42BBA4BF7000AB9DA /* Debug */,
				9C252DA52BBA4BF7000AB9DA /* Release */,
			);
			defaultConfigurationIsVisible = 0;
			defaultConfigurationName = Release;
		};
		9C252DA62BBA4BF7000AB9DA /* Build configuration list for PBXNativeTarget "Kiosk" */ = {
			isa = XCConfigurationList;
			buildConfigurations = (
				9C252DA72BBA4BF7000AB9DA /* Debug */,
				9C252DA82BBA4BF7000AB9DA /* Release */,
			);
			defaultConfigurationIsVisible = 0;
			defaultConfigurationName = Release;
		};
/* End XCConfigurationList section */

/* Begin XCVersionGroup section */
		9C252D9B2BBA4BF6000AB9DA /* Kiosk.xcdatamodeld */ = {
			isa = XCVersionGroup;
			children = (
				9C252D9C2BBA4BF6000AB9DA /* Kiosk.xcdatamodel */,
			);
			currentVersion = 9C252D9C2BBA4BF6000AB9DA /* Kiosk.xcdatamodel */;
			path = Kiosk.xcdatamodeld;
			sourceTree = "<group>";
			versionGroupType = wrapper.xcdatamodel;
		};
/* End XCVersionGroup section */
	};
	rootObject = 9C252D872BBA4BF6000AB9DA /* Project object */;
}
